// !$*UTF8*$!
{
	archiveVersion = 1;
	classes = {
	};
	objectVersion = 46;
	objects = {

/* Begin PBXBuildFile section */
		0207DA581B56EA530066E2B4 /* Images.xcassets in Resources */ = {isa = PBXBuildFile; fileRef = 0207DA571B56EA530066E2B4 /* Images.xcassets */; };
		1D3623260D0F684500981E51 /* AppDelegate.m in Sources */ = {isa = PBXBuildFile; fileRef = 1D3623250D0F684500981E51 /* AppDelegate.m */; };
		1D60589B0D05DD56006BFB54 /* main.m in Sources */ = {isa = PBXBuildFile; fileRef = 29B97316FDCFA39411CA2CEA /* main.m */; };
		301BF552109A68D80062928A /* libCordova.a in Frameworks */ = {isa = PBXBuildFile; fileRef = 301BF535109A57CC0062928A /* libCordova.a */; settings = {ATTRIBUTES = (Required, ); }; };
		302D95F114D2391D003F00A1 /* MainViewController.m in Sources */ = {isa = PBXBuildFile; fileRef = 302D95EF14D2391D003F00A1 /* MainViewController.m */; };
		302D95F214D2391D003F00A1 /* MainViewController.xib in Resources */ = {isa = PBXBuildFile; fileRef = 302D95F014D2391D003F00A1 /* MainViewController.xib */; };
		6AFF5BF91D6E424B00AB3073 /* CDVLaunchScreen.storyboard in Resources */ = {isa = PBXBuildFile; fileRef = 6AFF5BF81D6E424B00AB3073 /* CDVLaunchScreen.storyboard */; };
		CFD6062C6E8D44AEA0E37727 /* Screenshot.m in Sources */ = {isa = PBXBuildFile; fileRef = 3F6693F0117A40009F4C7F55 /* Screenshot.m */; };
		03E1EE10A3F7493393FB53AC /* ImageDownloader.m in Sources */ = {isa = PBXBuildFile; fileRef = 336E189A72C54AB1A4987578 /* ImageDownloader.m */; };
		2C878207940A424E8642C3C1 /* FacebookConnectPlugin.m in Sources */ = {isa = PBXBuildFile; fileRef = D5B5D4CB70634392B224B741 /* FacebookConnectPlugin.m */; };
		6A4F60C92B9046969B6D9995 /* CDVInAppBrowser.m in Sources */ = {isa = PBXBuildFile; fileRef = B5754BDDBBE74D34AC2BB87B /* CDVInAppBrowser.m */; };
		A1553A1326044DDFB74E2149 /* CDVInAppBrowserOptions.m in Sources */ = {isa = PBXBuildFile; fileRef = 72B196A615F248F985C6D9A9 /* CDVInAppBrowserOptions.m */; };
		832B1D0F7ED64DECA49E17ED /* CDVInAppBrowserNavigationController.m in Sources */ = {isa = PBXBuildFile; fileRef = BBADB46C8BDC4E2F8F7052F5 /* CDVInAppBrowserNavigationController.m */; };
		5BFF11E639DD4E82907F2034 /* CDVUIInAppBrowser.m in Sources */ = {isa = PBXBuildFile; fileRef = F377B2A79786466A98B05030 /* CDVUIInAppBrowser.m */; };
		8D88B4C8C966484799C21C6F /* CDVWKInAppBrowser.m in Sources */ = {isa = PBXBuildFile; fileRef = C9C2BBADF176400FB87F697E /* CDVWKInAppBrowser.m */; };
		F02F06920EB441939DE18941 /* CDVWKInAppBrowserUIDelegate.m in Sources */ = {isa = PBXBuildFile; fileRef = CE62EC07A62E47F593FA4242 /* CDVWKInAppBrowserUIDelegate.m */; };
		C0991C301EB24AB69C0B0C33 /* APPPrinter.m in Sources */ = {isa = PBXBuildFile; fileRef = CB6C249B738849D796BF958C /* APPPrinter.m */; };
		A27F2572299B43968FED171C /* NSString+SSURLEncoding.m in Sources */ = {isa = PBXBuildFile; fileRef = AE1FD15DBEFB4716985CCFC5 /* NSString+SSURLEncoding.m */; };
		93021E50E7984E24A202F531 /* SocialSharing.m in Sources */ = {isa = PBXBuildFile; fileRef = 93C8B4738A9541A1AA02550F /* SocialSharing.m */; };
		379EB7AE649F4EC29BF65A93 /* Social.framework in Frameworks */ = {isa = PBXBuildFile; fileRef = F7B44785C0664112BF929C86 /* Social.framework */; settings = {ATTRIBUTES = (Weak, ); }; };
		3EC096DE40A84D709C520DEB /* MessageUI.framework in Frameworks */ = {isa = PBXBuildFile; fileRef = BE79CA0B4E5246FC8076914B /* MessageUI.framework */; settings = {ATTRIBUTES = (Weak, ); }; };
		84836FFC91FD4F2EA0A466D4 /* CDVBuildInfo.m in Sources */ = {isa = PBXBuildFile; fileRef = 3D42F4EF4B0245679D3DD57E /* CDVBuildInfo.m */; };
		8A5A4714CD0942E280B3244B /* CULPlugin.m in Sources */ = {isa = PBXBuildFile; fileRef = CC188DC93BFA47069014500D /* CULPlugin.m */; };
		C023D8C547BE4D65972DB8FE /* AppDelegate+CULPlugin.m in Sources */ = {isa = PBXBuildFile; fileRef = AE700079BB594CA3B48D46B0 /* AppDelegate+CULPlugin.m */; };
		85F1D9FD884D4A98B68BEB98 /* CDVPluginResult+CULPlugin.m in Sources */ = {isa = PBXBuildFile; fileRef = B297DBC5C1E64E6986D73448 /* CDVPluginResult+CULPlugin.m */; };
		28F42CC73FF94A3D80CBE0D4 /* CDVInvokedUrlCommand+CULPlugin.m in Sources */ = {isa = PBXBuildFile; fileRef = 93BCC425AA03448E9F9C51DE /* CDVInvokedUrlCommand+CULPlugin.m */; };
		48707F14CE974B0391DB2842 /* CULHost.m in Sources */ = {isa = PBXBuildFile; fileRef = 7719A3346BBE4C27AC1A0C79 /* CULHost.m */; };
		B89D100A352543BAB1B59FA9 /* CULPath.m in Sources */ = {isa = PBXBuildFile; fileRef = BB30B2D91BB8429C90FC6047 /* CULPath.m */; };
		164C85BE6F864F6899BE4604 /* CULXmlTags.m in Sources */ = {isa = PBXBuildFile; fileRef = 6FCF7A43A0884E6F8CA9EFC1 /* CULXmlTags.m */; };
		83EA66F6DE314D37B596A339 /* CULConfigXmlParser.m in Sources */ = {isa = PBXBuildFile; fileRef = 388454E668EF492ABF226BEC /* CULConfigXmlParser.m */; };
		6F8F2E2BBE1F45868B6AD184 /* CULConfigJsonParser.m in Sources */ = {isa = PBXBuildFile; fileRef = D63E177C682B47B98413BD5A /* CULConfigJsonParser.m */; };
		60E9E1658FD74D178B0B99C8 /* NSBundle+CULPlugin.m in Sources */ = {isa = PBXBuildFile; fileRef = C73F73ABA2A244A19464F0B2 /* NSBundle+CULPlugin.m */; };
		8DFD706D37F24BAEA7EC9E6D /* CBTBrowserTab.m in Sources */ = {isa = PBXBuildFile; fileRef = AF27DC39CC5B4FAC8684BEE3 /* CBTBrowserTab.m */; };
		9C55F1D1814D4BE4830BDAE6 /* SafariServices.framework in Frameworks */ = {isa = PBXBuildFile; fileRef = C255756A5C5A46AA91319BCA /* SafariServices.framework */; settings = {ATTRIBUTES = (Weak, ); }; };
		B2C2E6C2248A4E9BBE28EC86 /* Insomnia.m in Sources */ = {isa = PBXBuildFile; fileRef = FF27C06227A74B3A82BB6B84 /* Insomnia.m */; };
/* End PBXBuildFile section */

/* Begin PBXContainerItemProxy section */
		301BF534109A57CC0062928A /* PBXContainerItemProxy */ = {
			isa = PBXContainerItemProxy;
			containerPortal = 301BF52D109A57CC0062928A /* CordovaLib.xcodeproj */;
			proxyType = 2;
			remoteGlobalIDString = D2AAC07E0554694100DB518D;
			remoteInfo = CordovaLib;
		};
		301BF550109A68C00062928A /* PBXContainerItemProxy */ = {
			isa = PBXContainerItemProxy;
			containerPortal = 301BF52D109A57CC0062928A /* CordovaLib.xcodeproj */;
			proxyType = 1;
			remoteGlobalIDString = D2AAC07D0554694100DB518D;
			remoteInfo = CordovaLib;
		};
		907D8123214C687600058A10 /* PBXContainerItemProxy */ = {
			isa = PBXContainerItemProxy;
			containerPortal = 301BF52D109A57CC0062928A /* CordovaLib.xcodeproj */;
			proxyType = 2;
			remoteGlobalIDString = C0C01EB21E3911D50056E6CB;
			remoteInfo = Cordova;
		};
/* End PBXContainerItemProxy section */

/* Begin PBXFileReference section */
		0207DA571B56EA530066E2B4 /* Images.xcassets */ = {isa = PBXFileReference; lastKnownFileType = folder.assetcatalog; name = Images.xcassets; path = "New School/Images.xcassets"; sourceTree = SOURCE_ROOT; };
		1D3623240D0F684500981E51 /* AppDelegate.h */ = {isa = PBXFileReference; fileEncoding = 4; lastKnownFileType = sourcecode.c.h; path = AppDelegate.h; sourceTree = "<group>"; };
		1D3623250D0F684500981E51 /* AppDelegate.m */ = {isa = PBXFileReference; fileEncoding = 4; lastKnownFileType = sourcecode.c.objc; path = AppDelegate.m; sourceTree = "<group>"; };
		1D6058910D05DD3D006BFB54 /* New School.app */ = {isa = PBXFileReference; explicitFileType = wrapper.application; includeInIndex = 0; path = "New School.app"; sourceTree = BUILT_PRODUCTS_DIR; };
		29B97316FDCFA39411CA2CEA /* main.m */ = {isa = PBXFileReference; fileEncoding = 4; lastKnownFileType = sourcecode.c.objc; path = main.m; sourceTree = "<group>"; };
		301BF52D109A57CC0062928A /* CordovaLib.xcodeproj */ = {isa = PBXFileReference; lastKnownFileType = "wrapper.pb-project"; name = CordovaLib.xcodeproj; path = CordovaLib/CordovaLib.xcodeproj; sourceTree = "<group>"; };
		301BF56E109A69640062928A /* www */ = {isa = PBXFileReference; lastKnownFileType = folder; path = www; sourceTree = SOURCE_ROOT; };
		302D95EE14D2391D003F00A1 /* MainViewController.h */ = {isa = PBXFileReference; fileEncoding = 4; lastKnownFileType = sourcecode.c.h; path = MainViewController.h; sourceTree = "<group>"; };
		302D95EF14D2391D003F00A1 /* MainViewController.m */ = {isa = PBXFileReference; fileEncoding = 4; lastKnownFileType = sourcecode.c.objc; path = MainViewController.m; sourceTree = "<group>"; };
		302D95F014D2391D003F00A1 /* MainViewController.xib */ = {isa = PBXFileReference; fileEncoding = 4; lastKnownFileType = file.xib; path = MainViewController.xib; sourceTree = "<group>"; };
		3047A50F1AB8059700498E2A /* build-debug.xcconfig */ = {isa = PBXFileReference; fileEncoding = 4; lastKnownFileType = text.xcconfig; name = "build-debug.xcconfig"; path = "cordova/build-debug.xcconfig"; sourceTree = SOURCE_ROOT; };
		3047A5101AB8059700498E2A /* build-release.xcconfig */ = {isa = PBXFileReference; fileEncoding = 4; lastKnownFileType = text.xcconfig; name = "build-release.xcconfig"; path = "cordova/build-release.xcconfig"; sourceTree = SOURCE_ROOT; };
		3047A5111AB8059700498E2A /* build.xcconfig */ = {isa = PBXFileReference; fileEncoding = 4; lastKnownFileType = text.xcconfig; name = build.xcconfig; path = cordova/build.xcconfig; sourceTree = SOURCE_ROOT; };
		32CA4F630368D1EE00C91783 /* New School-Prefix.pch */ = {isa = PBXFileReference; fileEncoding = 4; lastKnownFileType = sourcecode.c.h; path = "New School-Prefix.pch"; sourceTree = "<group>"; };
		6AFF5BF81D6E424B00AB3073 /* CDVLaunchScreen.storyboard */ = {isa = PBXFileReference; fileEncoding = 4; lastKnownFileType = file.storyboard; name = CDVLaunchScreen.storyboard; path = "New School/CDVLaunchScreen.storyboard"; sourceTree = SOURCE_ROOT; };
		8D1107310486CEB800E47090 /* New School-Info.plist */ = {isa = PBXFileReference; fileEncoding = 4; lastKnownFileType = text.plist.xml; name = "New School-Info.plist"; path = "New School/New School-Info.plist"; plistStructureDefinitionIdentifier = "com.apple.xcode.plist.structure-definition.iphone.info-plist"; sourceTree = SOURCE_ROOT; };
		EB87FDF31871DA8E0020F90C /* www */ = {isa = PBXFileReference; lastKnownFileType = folder; name = www; path = ../../www; sourceTree = "<group>"; };
		EB87FDF41871DAF40020F90C /* config.xml */ = {isa = PBXFileReference; lastKnownFileType = text.xml; name = config.xml; path = ../../config.xml; sourceTree = "<group>"; };
		ED33DF2A687741AEAF9F8254 /* Bridging-Header.h */ = {isa = PBXFileReference; fileEncoding = 4; lastKnownFileType = sourcecode.c.h; name = "Bridging-Header.h"; path = "Bridging-Header.h"; sourceTree = "<group>"; };
		F840E1F0165FE0F500CFE078 /* config.xml */ = {isa = PBXFileReference; lastKnownFileType = text.xml; name = config.xml; path = "New School/config.xml"; sourceTree = "<group>"; };
		3F6693F0117A40009F4C7F55 /* Screenshot.m */ = {isa = PBXFileReference; name = "Screenshot.m"; path = "com.darktalker.cordova.screenshot/Screenshot.m"; sourceTree = "<group>"; fileEncoding = 4; lastKnownFileType = sourcecode.c.objc; explicitFileType = undefined; includeInIndex = 0; };
		6579498D733946138BDCDADE /* Screenshot.h */ = {isa = PBXFileReference; name = "Screenshot.h"; path = "com.darktalker.cordova.screenshot/Screenshot.h"; sourceTree = "<group>"; fileEncoding = 4; lastKnownFileType = sourcecode.c.h; explicitFileType = undefined; includeInIndex = 0; };
		336E189A72C54AB1A4987578 /* ImageDownloader.m */ = {isa = PBXFileReference; name = "ImageDownloader.m"; path = "com.santinowu.cordova.imagedownloader/ImageDownloader.m"; sourceTree = "<group>"; fileEncoding = 4; lastKnownFileType = sourcecode.c.objc; explicitFileType = undefined; includeInIndex = 0; };
		BD7A6C8CFA594CBF83EB40BB /* ImageDownloader.h */ = {isa = PBXFileReference; name = "ImageDownloader.h"; path = "com.santinowu.cordova.imagedownloader/ImageDownloader.h"; sourceTree = "<group>"; fileEncoding = 4; lastKnownFileType = sourcecode.c.h; explicitFileType = undefined; includeInIndex = 0; };
		D5B5D4CB70634392B224B741 /* FacebookConnectPlugin.m */ = {isa = PBXFileReference; name = "FacebookConnectPlugin.m"; path = "cordova-plugin-facebook4/FacebookConnectPlugin.m"; sourceTree = "<group>"; fileEncoding = 4; lastKnownFileType = sourcecode.c.objc; explicitFileType = undefined; includeInIndex = 0; };
		DD3347E0BFC84D48A5CD3DC1 /* FacebookConnectPlugin.h */ = {isa = PBXFileReference; name = "FacebookConnectPlugin.h"; path = "cordova-plugin-facebook4/FacebookConnectPlugin.h"; sourceTree = "<group>"; fileEncoding = 4; lastKnownFileType = sourcecode.c.h; explicitFileType = undefined; includeInIndex = 0; };
		B5754BDDBBE74D34AC2BB87B /* CDVInAppBrowser.m */ = {isa = PBXFileReference; name = "CDVInAppBrowser.m"; path = "cordova-plugin-inappbrowser/CDVInAppBrowser.m"; sourceTree = "<group>"; fileEncoding = 4; lastKnownFileType = sourcecode.c.objc; explicitFileType = undefined; includeInIndex = 0; };
		72B196A615F248F985C6D9A9 /* CDVInAppBrowserOptions.m */ = {isa = PBXFileReference; name = "CDVInAppBrowserOptions.m"; path = "cordova-plugin-inappbrowser/CDVInAppBrowserOptions.m"; sourceTree = "<group>"; fileEncoding = 4; lastKnownFileType = sourcecode.c.objc; explicitFileType = undefined; includeInIndex = 0; };
		BBADB46C8BDC4E2F8F7052F5 /* CDVInAppBrowserNavigationController.m */ = {isa = PBXFileReference; name = "CDVInAppBrowserNavigationController.m"; path = "cordova-plugin-inappbrowser/CDVInAppBrowserNavigationController.m"; sourceTree = "<group>"; fileEncoding = 4; lastKnownFileType = sourcecode.c.objc; explicitFileType = undefined; includeInIndex = 0; };
		F377B2A79786466A98B05030 /* CDVUIInAppBrowser.m */ = {isa = PBXFileReference; name = "CDVUIInAppBrowser.m"; path = "cordova-plugin-inappbrowser/CDVUIInAppBrowser.m"; sourceTree = "<group>"; fileEncoding = 4; lastKnownFileType = sourcecode.c.objc; explicitFileType = undefined; includeInIndex = 0; };
		C9C2BBADF176400FB87F697E /* CDVWKInAppBrowser.m */ = {isa = PBXFileReference; name = "CDVWKInAppBrowser.m"; path = "cordova-plugin-inappbrowser/CDVWKInAppBrowser.m"; sourceTree = "<group>"; fileEncoding = 4; lastKnownFileType = sourcecode.c.objc; explicitFileType = undefined; includeInIndex = 0; };
		CE62EC07A62E47F593FA4242 /* CDVWKInAppBrowserUIDelegate.m */ = {isa = PBXFileReference; name = "CDVWKInAppBrowserUIDelegate.m"; path = "cordova-plugin-inappbrowser/CDVWKInAppBrowserUIDelegate.m"; sourceTree = "<group>"; fileEncoding = 4; lastKnownFileType = sourcecode.c.objc; explicitFileType = undefined; includeInIndex = 0; };
		42851483693D4715A5C36C95 /* CDVInAppBrowser.h */ = {isa = PBXFileReference; name = "CDVInAppBrowser.h"; path = "cordova-plugin-inappbrowser/CDVInAppBrowser.h"; sourceTree = "<group>"; fileEncoding = 4; lastKnownFileType = sourcecode.c.h; explicitFileType = undefined; includeInIndex = 0; };
		709DD886423140D4BE8800CB /* CDVInAppBrowserOptions.h */ = {isa = PBXFileReference; name = "CDVInAppBrowserOptions.h"; path = "cordova-plugin-inappbrowser/CDVInAppBrowserOptions.h"; sourceTree = "<group>"; fileEncoding = 4; lastKnownFileType = sourcecode.c.h; explicitFileType = undefined; includeInIndex = 0; };
		E88926A831BC477098C4CC9A /* CDVInAppBrowserNavigationController.h */ = {isa = PBXFileReference; name = "CDVInAppBrowserNavigationController.h"; path = "cordova-plugin-inappbrowser/CDVInAppBrowserNavigationController.h"; sourceTree = "<group>"; fileEncoding = 4; lastKnownFileType = sourcecode.c.h; explicitFileType = undefined; includeInIndex = 0; };
		4C0A2B6D59404A2F89C4F10C /* CDVUIInAppBrowser.h */ = {isa = PBXFileReference; name = "CDVUIInAppBrowser.h"; path = "cordova-plugin-inappbrowser/CDVUIInAppBrowser.h"; sourceTree = "<group>"; fileEncoding = 4; lastKnownFileType = sourcecode.c.h; explicitFileType = undefined; includeInIndex = 0; };
		E7886116860941A7B59AE366 /* CDVWKInAppBrowser.h */ = {isa = PBXFileReference; name = "CDVWKInAppBrowser.h"; path = "cordova-plugin-inappbrowser/CDVWKInAppBrowser.h"; sourceTree = "<group>"; fileEncoding = 4; lastKnownFileType = sourcecode.c.h; explicitFileType = undefined; includeInIndex = 0; };
		2D91434DD0CC4DB7AD2C9954 /* CDVWKInAppBrowserUIDelegate.h */ = {isa = PBXFileReference; name = "CDVWKInAppBrowserUIDelegate.h"; path = "cordova-plugin-inappbrowser/CDVWKInAppBrowserUIDelegate.h"; sourceTree = "<group>"; fileEncoding = 4; lastKnownFileType = sourcecode.c.h; explicitFileType = undefined; includeInIndex = 0; };
		CB6C249B738849D796BF958C /* APPPrinter.m */ = {isa = PBXFileReference; name = "APPPrinter.m"; path = "cordova-plugin-printer/APPPrinter.m"; sourceTree = "<group>"; fileEncoding = 4; lastKnownFileType = sourcecode.c.objc; explicitFileType = undefined; includeInIndex = 0; };
		098DA2B0C7CC415F9D4B8ED5 /* APPPrinter.h */ = {isa = PBXFileReference; name = "APPPrinter.h"; path = "cordova-plugin-printer/APPPrinter.h"; sourceTree = "<group>"; fileEncoding = 4; lastKnownFileType = sourcecode.c.h; explicitFileType = undefined; includeInIndex = 0; };
		AE1FD15DBEFB4716985CCFC5 /* NSString+SSURLEncoding.m */ = {isa = PBXFileReference; name = "NSString+SSURLEncoding.m"; path = "cordova-plugin-x-socialsharing/NSString+SSURLEncoding.m"; sourceTree = "<group>"; fileEncoding = 4; lastKnownFileType = sourcecode.c.objc; explicitFileType = undefined; includeInIndex = 0; };
		93C8B4738A9541A1AA02550F /* SocialSharing.m */ = {isa = PBXFileReference; name = "SocialSharing.m"; path = "cordova-plugin-x-socialsharing/SocialSharing.m"; sourceTree = "<group>"; fileEncoding = 4; lastKnownFileType = sourcecode.c.objc; explicitFileType = undefined; includeInIndex = 0; };
		D5454461D87448C1AF29123E /* NSString+SSURLEncoding.h */ = {isa = PBXFileReference; name = "NSString+SSURLEncoding.h"; path = "cordova-plugin-x-socialsharing/NSString+SSURLEncoding.h"; sourceTree = "<group>"; fileEncoding = 4; lastKnownFileType = sourcecode.c.h; explicitFileType = undefined; includeInIndex = 0; };
		33F88000CB0A4650B8A12011 /* SocialSharing.h */ = {isa = PBXFileReference; name = "SocialSharing.h"; path = "cordova-plugin-x-socialsharing/SocialSharing.h"; sourceTree = "<group>"; fileEncoding = 4; lastKnownFileType = sourcecode.c.h; explicitFileType = undefined; includeInIndex = 0; };
		F7B44785C0664112BF929C86 /* Social.framework */ = {isa = PBXFileReference; name = "Social.framework"; path = "System/Library/Frameworks/Social.framework"; sourceTree = SDKROOT; fileEncoding = undefined; lastKnownFileType = wrapper.framework; explicitFileType = undefined; includeInIndex = 0; };
		BE79CA0B4E5246FC8076914B /* MessageUI.framework */ = {isa = PBXFileReference; name = "MessageUI.framework"; path = "System/Library/Frameworks/MessageUI.framework"; sourceTree = SDKROOT; fileEncoding = undefined; lastKnownFileType = wrapper.framework; explicitFileType = undefined; includeInIndex = 0; };
		3D42F4EF4B0245679D3DD57E /* CDVBuildInfo.m */ = {isa = PBXFileReference; name = "CDVBuildInfo.m"; path = "cordova-plugin-buildinfo/CDVBuildInfo.m"; sourceTree = "<group>"; fileEncoding = 4; lastKnownFileType = sourcecode.c.objc; explicitFileType = undefined; includeInIndex = 0; };
		74605811514E4898A0F4EE6C /* CDVBuildInfo.h */ = {isa = PBXFileReference; name = "CDVBuildInfo.h"; path = "cordova-plugin-buildinfo/CDVBuildInfo.h"; sourceTree = "<group>"; fileEncoding = 4; lastKnownFileType = sourcecode.c.h; explicitFileType = undefined; includeInIndex = 0; };
		CC188DC93BFA47069014500D /* CULPlugin.m */ = {isa = PBXFileReference; name = "CULPlugin.m"; path = "cordova-universal-links-plugin/CULPlugin.m"; sourceTree = "<group>"; fileEncoding = 4; lastKnownFileType = sourcecode.c.objc; explicitFileType = undefined; includeInIndex = 0; };
		AE700079BB594CA3B48D46B0 /* AppDelegate+CULPlugin.m */ = {isa = PBXFileReference; name = "AppDelegate+CULPlugin.m"; path = "cordova-universal-links-plugin/AppDelegate+CULPlugin.m"; sourceTree = "<group>"; fileEncoding = 4; lastKnownFileType = sourcecode.c.objc; explicitFileType = undefined; includeInIndex = 0; };
		B297DBC5C1E64E6986D73448 /* CDVPluginResult+CULPlugin.m */ = {isa = PBXFileReference; name = "CDVPluginResult+CULPlugin.m"; path = "cordova-universal-links-plugin/JS/CDVPluginResult+CULPlugin.m"; sourceTree = "<group>"; fileEncoding = 4; lastKnownFileType = sourcecode.c.objc; explicitFileType = undefined; includeInIndex = 0; };
		93BCC425AA03448E9F9C51DE /* CDVInvokedUrlCommand+CULPlugin.m */ = {isa = PBXFileReference; name = "CDVInvokedUrlCommand+CULPlugin.m"; path = "cordova-universal-links-plugin/JS/CDVInvokedUrlCommand+CULPlugin.m"; sourceTree = "<group>"; fileEncoding = 4; lastKnownFileType = sourcecode.c.objc; explicitFileType = undefined; includeInIndex = 0; };
		7719A3346BBE4C27AC1A0C79 /* CULHost.m */ = {isa = PBXFileReference; name = "CULHost.m"; path = "cordova-universal-links-plugin/Model/CULHost.m"; sourceTree = "<group>"; fileEncoding = 4; lastKnownFileType = sourcecode.c.objc; explicitFileType = undefined; includeInIndex = 0; };
		BB30B2D91BB8429C90FC6047 /* CULPath.m */ = {isa = PBXFileReference; name = "CULPath.m"; path = "cordova-universal-links-plugin/Model/CULPath.m"; sourceTree = "<group>"; fileEncoding = 4; lastKnownFileType = sourcecode.c.objc; explicitFileType = undefined; includeInIndex = 0; };
		6FCF7A43A0884E6F8CA9EFC1 /* CULXmlTags.m */ = {isa = PBXFileReference; name = "CULXmlTags.m"; path = "cordova-universal-links-plugin/Parser/XML/CULXmlTags.m"; sourceTree = "<group>"; fileEncoding = 4; lastKnownFileType = sourcecode.c.objc; explicitFileType = undefined; includeInIndex = 0; };
		388454E668EF492ABF226BEC /* CULConfigXmlParser.m */ = {isa = PBXFileReference; name = "CULConfigXmlParser.m"; path = "cordova-universal-links-plugin/Parser/XML/CULConfigXmlParser.m"; sourceTree = "<group>"; fileEncoding = 4; lastKnownFileType = sourcecode.c.objc; explicitFileType = undefined; includeInIndex = 0; };
		D63E177C682B47B98413BD5A /* CULConfigJsonParser.m */ = {isa = PBXFileReference; name = "CULConfigJsonParser.m"; path = "cordova-universal-links-plugin/Parser/JSON/CULConfigJsonParser.m"; sourceTree = "<group>"; fileEncoding = 4; lastKnownFileType = sourcecode.c.objc; explicitFileType = undefined; includeInIndex = 0; };
		C73F73ABA2A244A19464F0B2 /* NSBundle+CULPlugin.m */ = {isa = PBXFileReference; name = "NSBundle+CULPlugin.m"; path = "cordova-universal-links-plugin/Utils/NSBundle+CULPlugin.m"; sourceTree = "<group>"; fileEncoding = 4; lastKnownFileType = sourcecode.c.objc; explicitFileType = undefined; includeInIndex = 0; };
		457DF1A46DBE421990B98F13 /* CULPlugin.h */ = {isa = PBXFileReference; name = "CULPlugin.h"; path = "cordova-universal-links-plugin/CULPlugin.h"; sourceTree = "<group>"; fileEncoding = 4; lastKnownFileType = sourcecode.c.h; explicitFileType = undefined; includeInIndex = 0; };
		9EA360A173F64EC5A7F2FD7E /* AppDelegate+CULPlugin.h */ = {isa = PBXFileReference; name = "AppDelegate+CULPlugin.h"; path = "cordova-universal-links-plugin/AppDelegate+CULPlugin.h"; sourceTree = "<group>"; fileEncoding = 4; lastKnownFileType = sourcecode.c.h; explicitFileType = undefined; includeInIndex = 0; };
		9FA401F9AC77431A8742CEE6 /* CDVPluginResult+CULPlugin.h */ = {isa = PBXFileReference; name = "CDVPluginResult+CULPlugin.h"; path = "cordova-universal-links-plugin/JS/CDVPluginResult+CULPlugin.h"; sourceTree = "<group>"; fileEncoding = 4; lastKnownFileType = sourcecode.c.h; explicitFileType = undefined; includeInIndex = 0; };
		AEC77AF50DF240788D29C550 /* CDVInvokedUrlCommand+CULPlugin.h */ = {isa = PBXFileReference; name = "CDVInvokedUrlCommand+CULPlugin.h"; path = "cordova-universal-links-plugin/JS/CDVInvokedUrlCommand+CULPlugin.h"; sourceTree = "<group>"; fileEncoding = 4; lastKnownFileType = sourcecode.c.h; explicitFileType = undefined; includeInIndex = 0; };
		9470566183DC410680B81009 /* CULHost.h */ = {isa = PBXFileReference; name = "CULHost.h"; path = "cordova-universal-links-plugin/Model/CULHost.h"; sourceTree = "<group>"; fileEncoding = 4; lastKnownFileType = sourcecode.c.h; explicitFileType = undefined; includeInIndex = 0; };
		DAD56B8356D34F0A8D1DAA08 /* CULPath.h */ = {isa = PBXFileReference; name = "CULPath.h"; path = "cordova-universal-links-plugin/Model/CULPath.h"; sourceTree = "<group>"; fileEncoding = 4; lastKnownFileType = sourcecode.c.h; explicitFileType = undefined; includeInIndex = 0; };
		D748BEE15EA34FCF8A502201 /* CULXmlTags.h */ = {isa = PBXFileReference; name = "CULXmlTags.h"; path = "cordova-universal-links-plugin/Parser/XML/CULXmlTags.h"; sourceTree = "<group>"; fileEncoding = 4; lastKnownFileType = sourcecode.c.h; explicitFileType = undefined; includeInIndex = 0; };
		8F67A9A2462F4F7096D06F8D /* CULConfigXmlParser.h */ = {isa = PBXFileReference; name = "CULConfigXmlParser.h"; path = "cordova-universal-links-plugin/Parser/XML/CULConfigXmlParser.h"; sourceTree = "<group>"; fileEncoding = 4; lastKnownFileType = sourcecode.c.h; explicitFileType = undefined; includeInIndex = 0; };
		51230164724145F38E73A1B1 /* CULConfigJsonParser.h */ = {isa = PBXFileReference; name = "CULConfigJsonParser.h"; path = "cordova-universal-links-plugin/Parser/JSON/CULConfigJsonParser.h"; sourceTree = "<group>"; fileEncoding = 4; lastKnownFileType = sourcecode.c.h; explicitFileType = undefined; includeInIndex = 0; };
		30115540B0A6479A9DB4CC33 /* NSBundle+CULPlugin.h */ = {isa = PBXFileReference; name = "NSBundle+CULPlugin.h"; path = "cordova-universal-links-plugin/Utils/NSBundle+CULPlugin.h"; sourceTree = "<group>"; fileEncoding = 4; lastKnownFileType = sourcecode.c.h; explicitFileType = undefined; includeInIndex = 0; };
		AF27DC39CC5B4FAC8684BEE3 /* CBTBrowserTab.m */ = {isa = PBXFileReference; name = "CBTBrowserTab.m"; path = "cordova-plugin-browsertab/CBTBrowserTab.m"; sourceTree = "<group>"; fileEncoding = 4; lastKnownFileType = sourcecode.c.objc; explicitFileType = undefined; includeInIndex = 0; };
		30E146B92FA04A10AF8BF153 /* CBTBrowserTab.h */ = {isa = PBXFileReference; name = "CBTBrowserTab.h"; path = "cordova-plugin-browsertab/CBTBrowserTab.h"; sourceTree = "<group>"; fileEncoding = 4; lastKnownFileType = sourcecode.c.h; explicitFileType = undefined; includeInIndex = 0; };
		C255756A5C5A46AA91319BCA /* SafariServices.framework */ = {isa = PBXFileReference; name = "SafariServices.framework"; path = "System/Library/Frameworks/SafariServices.framework"; sourceTree = SDKROOT; fileEncoding = undefined; lastKnownFileType = wrapper.framework; explicitFileType = undefined; includeInIndex = 0; };
		FF27C06227A74B3A82BB6B84 /* Insomnia.m */ = {isa = PBXFileReference; name = "Insomnia.m"; path = "cordova-plugin-insomnia/Insomnia.m"; sourceTree = "<group>"; fileEncoding = 4; lastKnownFileType = sourcecode.c.objc; explicitFileType = undefined; includeInIndex = 0; };
		6312FDFF647B4F9FA79DAF6B /* Insomnia.h */ = {isa = PBXFileReference; name = "Insomnia.h"; path = "cordova-plugin-insomnia/Insomnia.h"; sourceTree = "<group>"; fileEncoding = 4; lastKnownFileType = sourcecode.c.h; explicitFileType = undefined; includeInIndex = 0; };
/* End PBXFileReference section */

/* Begin PBXFrameworksBuildPhase section */
		1D60588F0D05DD3D006BFB54 /* Frameworks */ = {
			isa = PBXFrameworksBuildPhase;
			buildActionMask = 2147483647;
			files = (
				301BF552109A68D80062928A /* libCordova.a in Frameworks */,
				379EB7AE649F4EC29BF65A93 /* Social.framework in Frameworks */,
				3EC096DE40A84D709C520DEB /* MessageUI.framework in Frameworks */,
				9C55F1D1814D4BE4830BDAE6 /* SafariServices.framework in Frameworks */,
			);
			runOnlyForDeploymentPostprocessing = 0;
		};
/* End PBXFrameworksBuildPhase section */

/* Begin PBXGroup section */
		080E96DDFE201D6D7F000001 /* Classes */ = {
			isa = PBXGroup;
			children = (
				302D95EE14D2391D003F00A1 /* MainViewController.h */,
				302D95EF14D2391D003F00A1 /* MainViewController.m */,
				302D95F014D2391D003F00A1 /* MainViewController.xib */,
				1D3623240D0F684500981E51 /* AppDelegate.h */,
				1D3623250D0F684500981E51 /* AppDelegate.m */,
			);
			name = Classes;
			path = "New School/Classes";
			sourceTree = SOURCE_ROOT;
		};
		19C28FACFE9D520D11CA2CBB /* Products */ = {
			isa = PBXGroup;
			children = (
				1D6058910D05DD3D006BFB54 /* New School.app */,
			);
			name = Products;
			sourceTree = "<group>";
		};
		29B97314FDCFA39411CA2CEA /* CustomTemplate */ = {
			isa = PBXGroup;
			children = (
				EB87FDF41871DAF40020F90C /* config.xml */,
				EB87FDF31871DA8E0020F90C /* www */,
				EB87FDF11871DA420020F90C /* Staging */,
				301BF52D109A57CC0062928A /* CordovaLib.xcodeproj */,
				080E96DDFE201D6D7F000001 /* Classes */,
				307C750510C5A3420062BCA9 /* Plugins */,
				29B97315FDCFA39411CA2CEA /* Other Sources */,
				29B97317FDCFA39411CA2CEA /* Resources */,
				29B97323FDCFA39411CA2CEA /* Frameworks */,
				19C28FACFE9D520D11CA2CBB /* Products */,
			);
			name = CustomTemplate;
			sourceTree = "<group>";
		};
		29B97315FDCFA39411CA2CEA /* Other Sources */ = {
			isa = PBXGroup;
			children = (
				32CA4F630368D1EE00C91783 /* New School-Prefix.pch */,
				29B97316FDCFA39411CA2CEA /* main.m */,
				ED33DF2A687741AEAF9F8254 /* Bridging-Header.h */,
			);
			name = "Other Sources";
			path = "New School";
			sourceTree = "<group>";
		};
		29B97317FDCFA39411CA2CEA /* Resources */ = {
			isa = PBXGroup;
			children = (
				0207DA571B56EA530066E2B4 /* Images.xcassets */,
				3047A50E1AB8057F00498E2A /* config */,
				8D1107310486CEB800E47090 /* New School-Info.plist */,
				6AFF5BF81D6E424B00AB3073 /* CDVLaunchScreen.storyboard */,
			);
			name = Resources;
			path = "New School/Resources";
			sourceTree = "<group>";
		};
		29B97323FDCFA39411CA2CEA /* Frameworks */ = {
			isa = PBXGroup;
			children = (
				F7B44785C0664112BF929C86 /* Social.framework */,
				BE79CA0B4E5246FC8076914B /* MessageUI.framework */,
				C255756A5C5A46AA91319BCA /* SafariServices.framework */,
			);
			name = Frameworks;
			sourceTree = "<group>";
		};
		301BF52E109A57CC0062928A /* Products */ = {
			isa = PBXGroup;
			children = (
				301BF535109A57CC0062928A /* libCordova.a */,
				907D8124214C687600058A10 /* Cordova.framework */,
			);
			name = Products;
			sourceTree = "<group>";
		};
		3047A50E1AB8057F00498E2A /* config */ = {
			isa = PBXGroup;
			children = (
				3047A50F1AB8059700498E2A /* build-debug.xcconfig */,
				3047A5101AB8059700498E2A /* build-release.xcconfig */,
				3047A5111AB8059700498E2A /* build.xcconfig */,
			);
			name = config;
			sourceTree = "<group>";
		};
		307C750510C5A3420062BCA9 /* Plugins */ = {
			isa = PBXGroup;
			children = (
				3F6693F0117A40009F4C7F55 /* Screenshot.m */,
				6579498D733946138BDCDADE /* Screenshot.h */,
				336E189A72C54AB1A4987578 /* ImageDownloader.m */,
				BD7A6C8CFA594CBF83EB40BB /* ImageDownloader.h */,
				D5B5D4CB70634392B224B741 /* FacebookConnectPlugin.m */,
				DD3347E0BFC84D48A5CD3DC1 /* FacebookConnectPlugin.h */,
				B5754BDDBBE74D34AC2BB87B /* CDVInAppBrowser.m */,
				72B196A615F248F985C6D9A9 /* CDVInAppBrowserOptions.m */,
				BBADB46C8BDC4E2F8F7052F5 /* CDVInAppBrowserNavigationController.m */,
				F377B2A79786466A98B05030 /* CDVUIInAppBrowser.m */,
				C9C2BBADF176400FB87F697E /* CDVWKInAppBrowser.m */,
				CE62EC07A62E47F593FA4242 /* CDVWKInAppBrowserUIDelegate.m */,
				42851483693D4715A5C36C95 /* CDVInAppBrowser.h */,
				709DD886423140D4BE8800CB /* CDVInAppBrowserOptions.h */,
				E88926A831BC477098C4CC9A /* CDVInAppBrowserNavigationController.h */,
				4C0A2B6D59404A2F89C4F10C /* CDVUIInAppBrowser.h */,
				E7886116860941A7B59AE366 /* CDVWKInAppBrowser.h */,
				2D91434DD0CC4DB7AD2C9954 /* CDVWKInAppBrowserUIDelegate.h */,
				CB6C249B738849D796BF958C /* APPPrinter.m */,
				098DA2B0C7CC415F9D4B8ED5 /* APPPrinter.h */,
				AE1FD15DBEFB4716985CCFC5 /* NSString+SSURLEncoding.m */,
				93C8B4738A9541A1AA02550F /* SocialSharing.m */,
				D5454461D87448C1AF29123E /* NSString+SSURLEncoding.h */,
				33F88000CB0A4650B8A12011 /* SocialSharing.h */,
				3D42F4EF4B0245679D3DD57E /* CDVBuildInfo.m */,
				74605811514E4898A0F4EE6C /* CDVBuildInfo.h */,
				CC188DC93BFA47069014500D /* CULPlugin.m */,
				AE700079BB594CA3B48D46B0 /* AppDelegate+CULPlugin.m */,
				B297DBC5C1E64E6986D73448 /* CDVPluginResult+CULPlugin.m */,
				93BCC425AA03448E9F9C51DE /* CDVInvokedUrlCommand+CULPlugin.m */,
				7719A3346BBE4C27AC1A0C79 /* CULHost.m */,
				BB30B2D91BB8429C90FC6047 /* CULPath.m */,
				6FCF7A43A0884E6F8CA9EFC1 /* CULXmlTags.m */,
				388454E668EF492ABF226BEC /* CULConfigXmlParser.m */,
				D63E177C682B47B98413BD5A /* CULConfigJsonParser.m */,
				C73F73ABA2A244A19464F0B2 /* NSBundle+CULPlugin.m */,
				457DF1A46DBE421990B98F13 /* CULPlugin.h */,
				9EA360A173F64EC5A7F2FD7E /* AppDelegate+CULPlugin.h */,
				9FA401F9AC77431A8742CEE6 /* CDVPluginResult+CULPlugin.h */,
				AEC77AF50DF240788D29C550 /* CDVInvokedUrlCommand+CULPlugin.h */,
				9470566183DC410680B81009 /* CULHost.h */,
				DAD56B8356D34F0A8D1DAA08 /* CULPath.h */,
				D748BEE15EA34FCF8A502201 /* CULXmlTags.h */,
				8F67A9A2462F4F7096D06F8D /* CULConfigXmlParser.h */,
				51230164724145F38E73A1B1 /* CULConfigJsonParser.h */,
				30115540B0A6479A9DB4CC33 /* NSBundle+CULPlugin.h */,
				AF27DC39CC5B4FAC8684BEE3 /* CBTBrowserTab.m */,
				30E146B92FA04A10AF8BF153 /* CBTBrowserTab.h */,
				FF27C06227A74B3A82BB6B84 /* Insomnia.m */,
				6312FDFF647B4F9FA79DAF6B /* Insomnia.h */,
			);
			name = Plugins;
			path = "New School/Plugins";
			sourceTree = SOURCE_ROOT;
		};
		EB87FDF11871DA420020F90C /* Staging */ = {
			isa = PBXGroup;
			children = (
				F840E1F0165FE0F500CFE078 /* config.xml */,
				301BF56E109A69640062928A /* www */,
			);
			name = Staging;
			sourceTree = "<group>";
		};
/* End PBXGroup section */

/* Begin PBXNativeTarget section */
		1D6058900D05DD3D006BFB54 /* New School */ = {
			isa = PBXNativeTarget;
			buildConfigurationList = 1D6058960D05DD3E006BFB54 /* Build configuration list for PBXNativeTarget "New School" */;
			buildPhases = (
				304B58A110DAC018002A0835 /* Copy www directory */,
				1D60588D0D05DD3D006BFB54 /* Resources */,
				1D60588E0D05DD3D006BFB54 /* Sources */,
				1D60588F0D05DD3D006BFB54 /* Frameworks */,
			);
			buildRules = (
			);
			dependencies = (
				301BF551109A68C00062928A /* PBXTargetDependency */,
			);
			name = "New School";
			productName = "New School";
			productReference = 1D6058910D05DD3D006BFB54 /* New School.app */;
			productType = "com.apple.product-type.application";
		};
/* End PBXNativeTarget section */

/* Begin PBXProject section */
		29B97313FDCFA39411CA2CEA /* Project object */ = {
			isa = PBXProject;
			attributes = {
				LastUpgradeCheck = 510;
				TargetAttributes = {
					1D6058900D05DD3D006BFB54 = {
						ProvisioningStyle = Automatic;
					};
				};
			};
			buildConfigurationList = C01FCF4E08A954540054247B /* Build configuration list for PBXProject "New School" */;
			compatibilityVersion = "Xcode 3.2";
			developmentRegion = English;
			hasScannedForEncodings = 1;
			mainGroup = 29B97314FDCFA39411CA2CEA /* CustomTemplate */;
			projectDirPath = "";
			projectReferences = (
				{
					ProductGroup = 301BF52E109A57CC0062928A /* Products */;
					ProjectRef = 301BF52D109A57CC0062928A /* CordovaLib.xcodeproj */;
				},
			);
			projectRoot = "";
			targets = (
				1D6058900D05DD3D006BFB54 /* New School */,
			);
		};
/* End PBXProject section */

/* Begin PBXReferenceProxy section */
		301BF535109A57CC0062928A /* libCordova.a */ = {
			isa = PBXReferenceProxy;
			fileType = archive.ar;
			path = libCordova.a;
			remoteRef = 301BF534109A57CC0062928A /* PBXContainerItemProxy */;
			sourceTree = BUILT_PRODUCTS_DIR;
		};
		907D8124214C687600058A10 /* Cordova.framework */ = {
			isa = PBXReferenceProxy;
			fileType = wrapper.framework;
			path = Cordova.framework;
			remoteRef = 907D8123214C687600058A10 /* PBXContainerItemProxy */;
			sourceTree = BUILT_PRODUCTS_DIR;
		};
/* End PBXReferenceProxy section */

/* Begin PBXResourcesBuildPhase section */
		1D60588D0D05DD3D006BFB54 /* Resources */ = {
			isa = PBXResourcesBuildPhase;
			buildActionMask = 2147483647;
			files = (
				302D95F214D2391D003F00A1 /* MainViewController.xib in Resources */,
				0207DA581B56EA530066E2B4 /* Images.xcassets in Resources */,
				6AFF5BF91D6E424B00AB3073 /* CDVLaunchScreen.storyboard in Resources */,
			);
			runOnlyForDeploymentPostprocessing = 0;
		};
/* End PBXResourcesBuildPhase section */

/* Begin PBXShellScriptBuildPhase section */
		304B58A110DAC018002A0835 /* Copy www directory */ = {
			isa = PBXShellScriptBuildPhase;
			buildActionMask = 2147483647;
			files = (
			);
			inputPaths = (
			);
			name = "Copy www directory";
			outputPaths = (
			);
			runOnlyForDeploymentPostprocessing = 0;
			shellPath = /bin/sh;
			shellScript = "\"$SRCROOT/New School/Scripts/copy-www-build-step.sh\"";
			showEnvVarsInLog = 0;
		};
/* End PBXShellScriptBuildPhase section */

/* Begin PBXSourcesBuildPhase section */
		1D60588E0D05DD3D006BFB54 /* Sources */ = {
			isa = PBXSourcesBuildPhase;
			buildActionMask = 2147483647;
			files = (
				1D60589B0D05DD56006BFB54 /* main.m in Sources */,
				1D3623260D0F684500981E51 /* AppDelegate.m in Sources */,
				302D95F114D2391D003F00A1 /* MainViewController.m in Sources */,
				CFD6062C6E8D44AEA0E37727 /* Screenshot.m in Sources */,
				03E1EE10A3F7493393FB53AC /* ImageDownloader.m in Sources */,
				2C878207940A424E8642C3C1 /* FacebookConnectPlugin.m in Sources */,
				6A4F60C92B9046969B6D9995 /* CDVInAppBrowser.m in Sources */,
				A1553A1326044DDFB74E2149 /* CDVInAppBrowserOptions.m in Sources */,
				832B1D0F7ED64DECA49E17ED /* CDVInAppBrowserNavigationController.m in Sources */,
				5BFF11E639DD4E82907F2034 /* CDVUIInAppBrowser.m in Sources */,
				8D88B4C8C966484799C21C6F /* CDVWKInAppBrowser.m in Sources */,
				F02F06920EB441939DE18941 /* CDVWKInAppBrowserUIDelegate.m in Sources */,
				C0991C301EB24AB69C0B0C33 /* APPPrinter.m in Sources */,
				A27F2572299B43968FED171C /* NSString+SSURLEncoding.m in Sources */,
				93021E50E7984E24A202F531 /* SocialSharing.m in Sources */,
				84836FFC91FD4F2EA0A466D4 /* CDVBuildInfo.m in Sources */,
				8A5A4714CD0942E280B3244B /* CULPlugin.m in Sources */,
				C023D8C547BE4D65972DB8FE /* AppDelegate+CULPlugin.m in Sources */,
				85F1D9FD884D4A98B68BEB98 /* CDVPluginResult+CULPlugin.m in Sources */,
				28F42CC73FF94A3D80CBE0D4 /* CDVInvokedUrlCommand+CULPlugin.m in Sources */,
				48707F14CE974B0391DB2842 /* CULHost.m in Sources */,
				B89D100A352543BAB1B59FA9 /* CULPath.m in Sources */,
				164C85BE6F864F6899BE4604 /* CULXmlTags.m in Sources */,
				83EA66F6DE314D37B596A339 /* CULConfigXmlParser.m in Sources */,
				6F8F2E2BBE1F45868B6AD184 /* CULConfigJsonParser.m in Sources */,
				60E9E1658FD74D178B0B99C8 /* NSBundle+CULPlugin.m in Sources */,
				8DFD706D37F24BAEA7EC9E6D /* CBTBrowserTab.m in Sources */,
				B2C2E6C2248A4E9BBE28EC86 /* Insomnia.m in Sources */,
			);
			runOnlyForDeploymentPostprocessing = 0;
		};
/* End PBXSourcesBuildPhase section */

/* Begin PBXTargetDependency section */
		301BF551109A68C00062928A /* PBXTargetDependency */ = {
			isa = PBXTargetDependency;
			name = CordovaLib;
			targetProxy = 301BF550109A68C00062928A /* PBXContainerItemProxy */;
		};
/* End PBXTargetDependency section */

/* Begin XCBuildConfiguration section */
		1D6058940D05DD3E006BFB54 /* Debug */ = {
			isa = XCBuildConfiguration;
			baseConfigurationReference = 3047A50F1AB8059700498E2A /* build-debug.xcconfig */;
			buildSettings = {
				ALWAYS_SEARCH_USER_PATHS = NO;
				ASSETCATALOG_COMPILER_APPICON_NAME = AppIcon;
				ASSETCATALOG_COMPILER_LAUNCHIMAGE_NAME = LaunchImage;
				CLANG_ENABLE_MODULES = YES;
				CLANG_ENABLE_OBJC_ARC = YES;
				COPY_PHASE_STRIP = NO;
				GCC_DYNAMIC_NO_PIC = NO;
				GCC_OPTIMIZATION_LEVEL = 0;
				GCC_PRECOMPILE_PREFIX_HEADER = YES;
				GCC_PREFIX_HEADER = "New School/New School-Prefix.pch";
				GCC_THUMB_SUPPORT = NO;
				GCC_VERSION = "";
				INFOPLIST_FILE = "New School/New School-Info.plist";
				IPHONEOS_DEPLOYMENT_TARGET = 10.0;
				LD_RUNPATH_SEARCH_PATHS = "@executable_path/Frameworks";
				PRODUCT_BUNDLE_IDENTIFIER = com.newschool.app;
				PRODUCT_NAME = "$(TARGET_NAME)";
				TARGETED_DEVICE_FAMILY = "1,2";
			};
			name = Debug;
		};
		1D6058950D05DD3E006BFB54 /* Release */ = {
			isa = XCBuildConfiguration;
			baseConfigurationReference = 3047A5101AB8059700498E2A /* build-release.xcconfig */;
			buildSettings = {
				ALWAYS_SEARCH_USER_PATHS = NO;
				ASSETCATALOG_COMPILER_APPICON_NAME = AppIcon;
				ASSETCATALOG_COMPILER_LAUNCHIMAGE_NAME = LaunchImage;
				CLANG_ENABLE_MODULES = YES;
				CLANG_ENABLE_OBJC_ARC = YES;
				COPY_PHASE_STRIP = YES;
				GCC_PRECOMPILE_PREFIX_HEADER = YES;
				GCC_PREFIX_HEADER = "New School/New School-Prefix.pch";
				GCC_THUMB_SUPPORT = NO;
				GCC_VERSION = "";
				INFOPLIST_FILE = "New School/New School-Info.plist";
				IPHONEOS_DEPLOYMENT_TARGET = 10.0;
				LD_RUNPATH_SEARCH_PATHS = "@executable_path/Frameworks";
				PRODUCT_BUNDLE_IDENTIFIER = com.newschool.app;
				PRODUCT_NAME = "$(TARGET_NAME)";
				TARGETED_DEVICE_FAMILY = "1,2";
			};
			name = Release;
		};
		C01FCF4F08A954540054247B /* Debug */ = {
			isa = XCBuildConfiguration;
			baseConfigurationReference = 3047A5111AB8059700498E2A /* build.xcconfig */;
			buildSettings = {
				CLANG_ENABLE_MODULES = YES;
				CLANG_ENABLE_OBJC_ARC = YES;
				CLANG_WARN_BLOCK_CAPTURE_AUTORELEASING = YES;
				CLANG_WARN_BOOL_CONVERSION = YES;
				CLANG_WARN_COMMA = YES;
				CLANG_WARN_CONSTANT_CONVERSION = YES;
				CLANG_WARN_DEPRECATED_OBJC_IMPLEMENTATIONS = YES;
				CLANG_WARN_EMPTY_BODY = YES;
				CLANG_WARN_ENUM_CONVERSION = YES;
				CLANG_WARN_INFINITE_RECURSION = YES;
				CLANG_WARN_INT_CONVERSION = YES;
				CLANG_WARN_NON_LITERAL_NULL_CONVERSION = YES;
				CLANG_WARN_OBJC_IMPLICIT_RETAIN_SELF = YES;
				CLANG_WARN_OBJC_LITERAL_CONVERSION = YES;
				CLANG_WARN_RANGE_LOOP_ANALYSIS = YES;
				CLANG_WARN_STRICT_PROTOTYPES = YES;
				CLANG_WARN_SUSPICIOUS_MOVE = YES;
				CLANG_WARN_UNREACHABLE_CODE = YES;
				CLANG_WARN__DUPLICATE_METHOD_MATCH = YES;
				ENABLE_STRICT_OBJC_MSGSEND = YES;
				ENABLE_TESTABILITY = YES;
				GCC_C_LANGUAGE_STANDARD = c99;
				GCC_NO_COMMON_BLOCKS = YES;
				GCC_THUMB_SUPPORT = NO;
				GCC_VERSION = "";
				GCC_WARN_64_TO_32_BIT_CONVERSION = YES;
				GCC_WARN_ABOUT_RETURN_TYPE = YES;
				GCC_WARN_UNDECLARED_SELECTOR = YES;
				GCC_WARN_UNINITIALIZED_AUTOS = YES;
				GCC_WARN_UNUSED_FUNCTION = YES;
				GCC_WARN_UNUSED_VARIABLE = YES;
				ONLY_ACTIVE_ARCH = YES;
				SDKROOT = iphoneos;
				SKIP_INSTALL = NO;
				WK_WEB_VIEW_ONLY = 0;
				PRODUCT_BUNDLE_IDENTIFIER = com.newschool.app;
			};
			name = Debug;
		};
		C01FCF5008A954540054247B /* Release */ = {
			isa = XCBuildConfiguration;
			baseConfigurationReference = 3047A5111AB8059700498E2A /* build.xcconfig */;
			buildSettings = {
				CLANG_ENABLE_MODULES = YES;
				CLANG_ENABLE_OBJC_ARC = YES;
				CLANG_WARN_BLOCK_CAPTURE_AUTORELEASING = YES;
				CLANG_WARN_BOOL_CONVERSION = YES;
				CLANG_WARN_COMMA = YES;
				CLANG_WARN_CONSTANT_CONVERSION = YES;
				CLANG_WARN_DEPRECATED_OBJC_IMPLEMENTATIONS = YES;
				CLANG_WARN_EMPTY_BODY = YES;
				CLANG_WARN_ENUM_CONVERSION = YES;
				CLANG_WARN_INFINITE_RECURSION = YES;
				CLANG_WARN_INT_CONVERSION = YES;
				CLANG_WARN_NON_LITERAL_NULL_CONVERSION = YES;
				CLANG_WARN_OBJC_IMPLICIT_RETAIN_SELF = YES;
				CLANG_WARN_OBJC_LITERAL_CONVERSION = YES;
				CLANG_WARN_RANGE_LOOP_ANALYSIS = YES;
				CLANG_WARN_STRICT_PROTOTYPES = YES;
				CLANG_WARN_SUSPICIOUS_MOVE = YES;
				CLANG_WARN_UNREACHABLE_CODE = YES;
				CLANG_WARN__DUPLICATE_METHOD_MATCH = YES;
				ENABLE_STRICT_OBJC_MSGSEND = YES;
				GCC_C_LANGUAGE_STANDARD = c99;
				GCC_NO_COMMON_BLOCKS = YES;
				GCC_THUMB_SUPPORT = NO;
				GCC_VERSION = "";
				GCC_WARN_64_TO_32_BIT_CONVERSION = YES;
				GCC_WARN_ABOUT_RETURN_TYPE = YES;
				GCC_WARN_UNDECLARED_SELECTOR = YES;
				GCC_WARN_UNINITIALIZED_AUTOS = YES;
				GCC_WARN_UNUSED_FUNCTION = YES;
				GCC_WARN_UNUSED_VARIABLE = YES;
				SDKROOT = iphoneos;
				SKIP_INSTALL = NO;
				WK_WEB_VIEW_ONLY = 0;
				PRODUCT_BUNDLE_IDENTIFIER = com.newschool.app;
			};
			name = Release;
		};
/* End XCBuildConfiguration section */

/* Begin XCConfigurationList section */
		1D6058960D05DD3E006BFB54 /* Build configuration list for PBXNativeTarget "New School" */ = {
			isa = XCConfigurationList;
			buildConfigurations = (
				1D6058940D05DD3E006BFB54 /* Debug */,
				1D6058950D05DD3E006BFB54 /* Release */,
			);
			defaultConfigurationIsVisible = 0;
			defaultConfigurationName = Release;
		};
		C01FCF4E08A954540054247B /* Build configuration list for PBXProject "New School" */ = {
			isa = XCConfigurationList;
			buildConfigurations = (
				C01FCF4F08A954540054247B /* Debug */,
				C01FCF5008A954540054247B /* Release */,
			);
			defaultConfigurationIsVisible = 0;
			defaultConfigurationName = Release;
		};
/* End XCConfigurationList section */
	};
	rootObject = 29B97313FDCFA39411CA2CEA /* Project object */;
}
