// !$*UTF8*$!
{
	archiveVersion = 1;
	classes = {
	};
	objectVersion = 52;
	objects = {

/* Begin PBXBuildFile section */
		0207DA581B56EA530066E2B4 /* Images.xcassets in Resources */ = {isa = PBXBuildFile; fileRef = 0207DA571B56EA530066E2B4 /* Images.xcassets */; };
		08D46FCFD36C43919E6DED33 /* SafariServices.framework in Frameworks */ = {isa = PBXBuildFile; fileRef = 5FA2F19A143C44B3AD7401C3 /* SafariServices.framework */; settings = {ATTRIBUTES = (Weak, ); }; };
		1D3623260D0F684500981E51 /* AppDelegate.m in Sources */ = {isa = PBXBuildFile; fileRef = 1D3623250D0F684500981E51 /* AppDelegate.m */; };
		1D60589B0D05DD56006BFB54 /* main.m in Sources */ = {isa = PBXBuildFile; fileRef = 29B97316FDCFA39411CA2CEA /* main.m */; };
		301BF552109A68D80062928A /* libCordova.a in Frameworks */ = {isa = PBXBuildFile; fileRef = 301BF535109A57CC0062928A /* libCordova.a */; settings = {ATTRIBUTES = (Required, ); }; };
		302D95F114D2391D003F00A1 /* MainViewController.m in Sources */ = {isa = PBXBuildFile; fileRef = 302D95EF14D2391D003F00A1 /* MainViewController.m */; };
		302D95F214D2391D003F00A1 /* MainViewController.xib in Resources */ = {isa = PBXBuildFile; fileRef = 302D95F014D2391D003F00A1 /* MainViewController.xib */; };
		5FB58F5C170440E5A65EF226 /* FacebookConnectPlugin.m in Sources */ = {isa = PBXBuildFile; fileRef = EED3DC136E804151897789FD /* FacebookConnectPlugin.m */; };
		6AFF5BF91D6E424B00AB3073 /* CDVLaunchScreen.storyboard in Resources */ = {isa = PBXBuildFile; fileRef = 6AFF5BF81D6E424B00AB3073 /* CDVLaunchScreen.storyboard */; };
		82900D3F57E04B9B883B0586 /* CBTBrowserTab.m in Sources */ = {isa = PBXBuildFile; fileRef = 88F1213AF50C4B20B7ED48DA /* CBTBrowserTab.m */; };
		C27B8024957145579B8435DA /* Screenshot.m in Sources */ = {isa = PBXBuildFile; fileRef = 6820343AB739433BA19538F1 /* Screenshot.m */; };
		D135B73397DE4419B59DFCF6 /* ImageDownloader.m in Sources */ = {isa = PBXBuildFile; fileRef = DF5E28A2AC964A1FBE4DD734 /* ImageDownloader.m */; };
		D55EA747D0D04427B271C744 /* Pods_New_School.framework in Frameworks */ = {isa = PBXBuildFile; fileRef = FA5118B2DD83397EA1BE3261 /* Pods_New_School.framework */; };
		E6C20199C6DE4D5E961D9FAA /* CDVBuildInfo.m in Sources */ = {isa = PBXBuildFile; fileRef = DA26869E3543473090F1446F /* CDVBuildInfo.m */; };
		5772ECBD9BE947EB87A03797 /* APPPrinter.m in Sources */ = {isa = PBXBuildFile; fileRef = A96605466D594203A53143BD /* APPPrinter.m */; };
		C70612BC7E2E4EF2B02158D2 /* NSString+SSURLEncoding.m in Sources */ = {isa = PBXBuildFile; fileRef = AE6DEA1187F3434E89363F56 /* NSString+SSURLEncoding.m */; };
		626FB892AD734AADA9AA8C66 /* SocialSharing.m in Sources */ = {isa = PBXBuildFile; fileRef = 642B414911054E1D900701D3 /* SocialSharing.m */; };
		CFB36456A7CE4BA7976A56DB /* Social.framework in Frameworks */ = {isa = PBXBuildFile; fileRef = 3E263E0B13E040F196BC3125 /* Social.framework */; settings = {ATTRIBUTES = (Weak, ); }; };
		E3DA564653874950BB4EF0FA /* MessageUI.framework in Frameworks */ = {isa = PBXBuildFile; fileRef = 8550E97095DD48A9A7CE24E4 /* MessageUI.framework */; settings = {ATTRIBUTES = (Weak, ); }; };
		18F949FF1F844AF490F568EF /* CULPlugin.m in Sources */ = {isa = PBXBuildFile; fileRef = 19042376E0EA49C8AFC46E8C /* CULPlugin.m */; };
		00C882A631134083AA5C2795 /* AppDelegate+CULPlugin.m in Sources */ = {isa = PBXBuildFile; fileRef = B51EF41BC12E456F8F362856 /* AppDelegate+CULPlugin.m */; };
		F6F23F46D7D848F8B3236AA1 /* CDVPluginResult+CULPlugin.m in Sources */ = {isa = PBXBuildFile; fileRef = 0121D13B6A314573A2049581 /* CDVPluginResult+CULPlugin.m */; };
		69337CDBFFF9447AAAB2ABF4 /* CDVInvokedUrlCommand+CULPlugin.m in Sources */ = {isa = PBXBuildFile; fileRef = 23A19D55887A4AD0932F12AB /* CDVInvokedUrlCommand+CULPlugin.m */; };
		3FC16758D886482E9FE78F8E /* CULHost.m in Sources */ = {isa = PBXBuildFile; fileRef = 4BE840E7ADE1408B992BF17F /* CULHost.m */; };
		47430D02DFD8402B8062CA0A /* CULPath.m in Sources */ = {isa = PBXBuildFile; fileRef = 55C7E25B2C474D9F86197387 /* CULPath.m */; };
		6F925F8ACF4F4B2BA6B3C776 /* CULXmlTags.m in Sources */ = {isa = PBXBuildFile; fileRef = 1BB10A82D6DA46E99BC1832D /* CULXmlTags.m */; };
		57D2A18EE72D44C9ACE4D784 /* CULConfigXmlParser.m in Sources */ = {isa = PBXBuildFile; fileRef = 4247B87D2ADB41019992FAB4 /* CULConfigXmlParser.m */; };
		4E5629F96E7346BDBE8FF5B5 /* CULConfigJsonParser.m in Sources */ = {isa = PBXBuildFile; fileRef = F57A68A03B2B4F208F251C67 /* CULConfigJsonParser.m */; };
		5224EDB468DA4EECB43727A0 /* NSBundle+CULPlugin.m in Sources */ = {isa = PBXBuildFile; fileRef = 2A314A5711F64FD5B0419820 /* NSBundle+CULPlugin.m */; };
		DEEB37187BB74B5DA6AB3203 /* CDVInAppBrowserOptions.m in Sources */ = {isa = PBXBuildFile; fileRef = AE0E930C1F704EFAAD957FF4 /* CDVInAppBrowserOptions.m */; };
		5F7D453962704BFA9A3B0B18 /* CDVInAppBrowserNavigationController.m in Sources */ = {isa = PBXBuildFile; fileRef = 0BC0AF7904024E99887B081C /* CDVInAppBrowserNavigationController.m */; };
		4CCEDCF63166464AA25CA6F7 /* CDVWKInAppBrowser.m in Sources */ = {isa = PBXBuildFile; fileRef = E7714C1056D547E6BA22F647 /* CDVWKInAppBrowser.m */; };
		366688872E1C45698829652B /* CDVWKInAppBrowserUIDelegate.m in Sources */ = {isa = PBXBuildFile; fileRef = 3F6E4D9076B643609A0EB6B5 /* CDVWKInAppBrowserUIDelegate.m */; };
/* End PBXBuildFile section */

/* Begin PBXContainerItemProxy section */
		301BF534109A57CC0062928A /* PBXContainerItemProxy */ = {
			isa = PBXContainerItemProxy;
			containerPortal = 301BF52D109A57CC0062928A /* CordovaLib.xcodeproj */;
			proxyType = 2;
			remoteGlobalIDString = D2AAC07E0554694100DB518D;
			remoteInfo = CordovaLib;
		};
		301BF550109A68C00062928A /* PBXContainerItemProxy */ = {
			isa = PBXContainerItemProxy;
			containerPortal = 301BF52D109A57CC0062928A /* CordovaLib.xcodeproj */;
			proxyType = 1;
			remoteGlobalIDString = D2AAC07D0554694100DB518D;
			remoteInfo = CordovaLib;
		};
		907D8123214C687600058A10 /* PBXContainerItemProxy */ = {
			isa = PBXContainerItemProxy;
			containerPortal = 301BF52D109A57CC0062928A /* CordovaLib.xcodeproj */;
			proxyType = 2;
			remoteGlobalIDString = C0C01EB21E3911D50056E6CB;
			remoteInfo = Cordova;
		};
/* End PBXContainerItemProxy section */

/* Begin PBXFileReference section */
		0207DA571B56EA530066E2B4 /* Images.xcassets */ = {isa = PBXFileReference; lastKnownFileType = folder.assetcatalog; name = Images.xcassets; path = "New School/Images.xcassets"; sourceTree = SOURCE_ROOT; };
		15F22E1D2332B3C59B0C8CA8 /* Pods-New School.debug.xcconfig */ = {isa = PBXFileReference; includeInIndex = 1; lastKnownFileType = text.xcconfig; name = "Pods-New School.debug.xcconfig"; path = "Target Support Files/Pods-New School/Pods-New School.debug.xcconfig"; sourceTree = "<group>"; };
		1D3623240D0F684500981E51 /* AppDelegate.h */ = {isa = PBXFileReference; fileEncoding = 4; lastKnownFileType = sourcecode.c.h; path = AppDelegate.h; sourceTree = "<group>"; };
		1D3623250D0F684500981E51 /* AppDelegate.m */ = {isa = PBXFileReference; fileEncoding = 4; lastKnownFileType = sourcecode.c.objc; path = AppDelegate.m; sourceTree = "<group>"; };
		1D6058910D05DD3D006BFB54 /* New School.app */ = {isa = PBXFileReference; explicitFileType = wrapper.application; includeInIndex = 0; path = "New School.app"; sourceTree = BUILT_PRODUCTS_DIR; };
		29B97316FDCFA39411CA2CEA /* main.m */ = {isa = PBXFileReference; fileEncoding = 4; lastKnownFileType = sourcecode.c.objc; path = main.m; sourceTree = "<group>"; };
		301BF52D109A57CC0062928A /* CordovaLib.xcodeproj */ = {isa = PBXFileReference; lastKnownFileType = "wrapper.pb-project"; name = CordovaLib.xcodeproj; path = CordovaLib/CordovaLib.xcodeproj; sourceTree = "<group>"; };
		301BF56E109A69640062928A /* www */ = {isa = PBXFileReference; lastKnownFileType = folder; path = www; sourceTree = SOURCE_ROOT; };
		302D95EE14D2391D003F00A1 /* MainViewController.h */ = {isa = PBXFileReference; fileEncoding = 4; lastKnownFileType = sourcecode.c.h; path = MainViewController.h; sourceTree = "<group>"; };
		302D95EF14D2391D003F00A1 /* MainViewController.m */ = {isa = PBXFileReference; fileEncoding = 4; lastKnownFileType = sourcecode.c.objc; path = MainViewController.m; sourceTree = "<group>"; };
		302D95F014D2391D003F00A1 /* MainViewController.xib */ = {isa = PBXFileReference; fileEncoding = 4; lastKnownFileType = file.xib; path = MainViewController.xib; sourceTree = "<group>"; };
		3047A50F1AB8059700498E2A /* build-debug.xcconfig */ = {isa = PBXFileReference; fileEncoding = 4; lastKnownFileType = text.xcconfig; name = "build-debug.xcconfig"; path = "cordova/build-debug.xcconfig"; sourceTree = SOURCE_ROOT; };
		3047A5101AB8059700498E2A /* build-release.xcconfig */ = {isa = PBXFileReference; fileEncoding = 4; lastKnownFileType = text.xcconfig; name = "build-release.xcconfig"; path = "cordova/build-release.xcconfig"; sourceTree = SOURCE_ROOT; };
		3047A5111AB8059700498E2A /* build.xcconfig */ = {isa = PBXFileReference; fileEncoding = 4; lastKnownFileType = text.xcconfig; name = build.xcconfig; path = cordova/build.xcconfig; sourceTree = SOURCE_ROOT; };
		32CA4F630368D1EE00C91783 /* New School-Prefix.pch */ = {isa = PBXFileReference; fileEncoding = 4; lastKnownFileType = sourcecode.c.h; path = "New School-Prefix.pch"; sourceTree = "<group>"; };
		540C9784100849DD9D3FA8EE /* FacebookConnectPlugin.h */ = {isa = PBXFileReference; explicitFileType = undefined; fileEncoding = 4; includeInIndex = 0; lastKnownFileType = sourcecode.c.h; name = FacebookConnectPlugin.h; path = "cordova-plugin-facebook4/FacebookConnectPlugin.h"; sourceTree = "<group>"; };
		559349AD8EAA40CE9F38BB3B /* CDVBuildInfo.h */ = {isa = PBXFileReference; explicitFileType = undefined; fileEncoding = 4; includeInIndex = 0; lastKnownFileType = sourcecode.c.h; name = CDVBuildInfo.h; path = "cordova-plugin-buildinfo/CDVBuildInfo.h"; sourceTree = "<group>"; };
		5FA2F19A143C44B3AD7401C3 /* SafariServices.framework */ = {isa = PBXFileReference; explicitFileType = undefined; fileEncoding = undefined; includeInIndex = 0; lastKnownFileType = wrapper.framework; name = SafariServices.framework; path = System/Library/Frameworks/SafariServices.framework; sourceTree = SDKROOT; };
		6820343AB739433BA19538F1 /* Screenshot.m */ = {isa = PBXFileReference; explicitFileType = undefined; fileEncoding = 4; includeInIndex = 0; lastKnownFileType = sourcecode.c.objc; name = Screenshot.m; path = com.darktalker.cordova.screenshot/Screenshot.m; sourceTree = "<group>"; };
		6AFF5BF81D6E424B00AB3073 /* CDVLaunchScreen.storyboard */ = {isa = PBXFileReference; fileEncoding = 4; lastKnownFileType = file.storyboard; name = CDVLaunchScreen.storyboard; path = "New School/CDVLaunchScreen.storyboard"; sourceTree = SOURCE_ROOT; };
		6D8C7ABF3FA94414A79A3219 /* CBTBrowserTab.h */ = {isa = PBXFileReference; explicitFileType = undefined; fileEncoding = 4; includeInIndex = 0; lastKnownFileType = sourcecode.c.h; name = CBTBrowserTab.h; path = "cordova-plugin-browsertab/CBTBrowserTab.h"; sourceTree = "<group>"; };
		88F1213AF50C4B20B7ED48DA /* CBTBrowserTab.m */ = {isa = PBXFileReference; explicitFileType = undefined; fileEncoding = 4; includeInIndex = 0; lastKnownFileType = sourcecode.c.objc; name = CBTBrowserTab.m; path = "cordova-plugin-browsertab/CBTBrowserTab.m"; sourceTree = "<group>"; };
		8D1107310486CEB800E47090 /* New School-Info.plist */ = {isa = PBXFileReference; fileEncoding = 4; lastKnownFileType = text.plist.xml; name = "New School-Info.plist"; path = "New School/New School-Info.plist"; plistStructureDefinitionIdentifier = "com.apple.xcode.plist.structure-definition.iphone.info-plist"; sourceTree = SOURCE_ROOT; };
		A7CBF5328B444D46B8065C6F /* ImageDownloader.h */ = {isa = PBXFileReference; explicitFileType = undefined; fileEncoding = 4; includeInIndex = 0; lastKnownFileType = sourcecode.c.h; name = ImageDownloader.h; path = com.santinowu.cordova.imagedownloader/ImageDownloader.h; sourceTree = "<group>"; };
		AE7C0A4F6480C339B9649DB0 /* Pods-New School.release.xcconfig */ = {isa = PBXFileReference; includeInIndex = 1; lastKnownFileType = text.xcconfig; name = "Pods-New School.release.xcconfig"; path = "Target Support Files/Pods-New School/Pods-New School.release.xcconfig"; sourceTree = "<group>"; };
		DA26869E3543473090F1446F /* CDVBuildInfo.m */ = {isa = PBXFileReference; explicitFileType = undefined; fileEncoding = 4; includeInIndex = 0; lastKnownFileType = sourcecode.c.objc; name = CDVBuildInfo.m; path = "cordova-plugin-buildinfo/CDVBuildInfo.m"; sourceTree = "<group>"; };
		DF5E28A2AC964A1FBE4DD734 /* ImageDownloader.m */ = {isa = PBXFileReference; explicitFileType = undefined; fileEncoding = 4; includeInIndex = 0; lastKnownFileType = sourcecode.c.objc; name = ImageDownloader.m; path = com.santinowu.cordova.imagedownloader/ImageDownloader.m; sourceTree = "<group>"; };
		E6E8961514684150B1D5CBAE /* Screenshot.h */ = {isa = PBXFileReference; explicitFileType = undefined; fileEncoding = 4; includeInIndex = 0; lastKnownFileType = sourcecode.c.h; name = Screenshot.h; path = com.darktalker.cordova.screenshot/Screenshot.h; sourceTree = "<group>"; };
		EB87FDF31871DA8E0020F90C /* www */ = {isa = PBXFileReference; lastKnownFileType = folder; name = www; path = ../../www; sourceTree = "<group>"; };
		EB87FDF41871DAF40020F90C /* config.xml */ = {isa = PBXFileReference; lastKnownFileType = text.xml; name = config.xml; path = ../../config.xml; sourceTree = "<group>"; };
		ED33DF2A687741AEAF9F8254 /* Bridging-Header.h */ = {isa = PBXFileReference; fileEncoding = 4; lastKnownFileType = sourcecode.c.h; path = "Bridging-Header.h"; sourceTree = "<group>"; };
		EED3DC136E804151897789FD /* FacebookConnectPlugin.m */ = {isa = PBXFileReference; explicitFileType = undefined; fileEncoding = 4; includeInIndex = 0; lastKnownFileType = sourcecode.c.objc; name = FacebookConnectPlugin.m; path = "cordova-plugin-facebook4/FacebookConnectPlugin.m"; sourceTree = "<group>"; };
		F840E1F0165FE0F500CFE078 /* config.xml */ = {isa = PBXFileReference; lastKnownFileType = text.xml; name = config.xml; path = "New School/config.xml"; sourceTree = "<group>"; };
		FA5118B2DD83397EA1BE3261 /* Pods_New_School.framework */ = {isa = PBXFileReference; explicitFileType = wrapper.framework; includeInIndex = 0; path = Pods_New_School.framework; sourceTree = BUILT_PRODUCTS_DIR; };
		A96605466D594203A53143BD /* APPPrinter.m */ = {isa = PBXFileReference; name = "APPPrinter.m"; path = "cordova-plugin-printer/APPPrinter.m"; sourceTree = "<group>"; fileEncoding = 4; lastKnownFileType = sourcecode.c.objc; explicitFileType = undefined; includeInIndex = 0; };
		1BA905FBA21C4207A815D09E /* APPPrinter.h */ = {isa = PBXFileReference; name = "APPPrinter.h"; path = "cordova-plugin-printer/APPPrinter.h"; sourceTree = "<group>"; fileEncoding = 4; lastKnownFileType = sourcecode.c.h; explicitFileType = undefined; includeInIndex = 0; };
		AE6DEA1187F3434E89363F56 /* NSString+SSURLEncoding.m */ = {isa = PBXFileReference; name = "NSString+SSURLEncoding.m"; path = "cordova-plugin-x-socialsharing/NSString+SSURLEncoding.m"; sourceTree = "<group>"; fileEncoding = 4; lastKnownFileType = sourcecode.c.objc; explicitFileType = undefined; includeInIndex = 0; };
		642B414911054E1D900701D3 /* SocialSharing.m */ = {isa = PBXFileReference; name = "SocialSharing.m"; path = "cordova-plugin-x-socialsharing/SocialSharing.m"; sourceTree = "<group>"; fileEncoding = 4; lastKnownFileType = sourcecode.c.objc; explicitFileType = undefined; includeInIndex = 0; };
		1B97033F3FAA40CBB2B40D5D /* NSString+SSURLEncoding.h */ = {isa = PBXFileReference; name = "NSString+SSURLEncoding.h"; path = "cordova-plugin-x-socialsharing/NSString+SSURLEncoding.h"; sourceTree = "<group>"; fileEncoding = 4; lastKnownFileType = sourcecode.c.h; explicitFileType = undefined; includeInIndex = 0; };
		C002076B7F5C4531A89130C0 /* SocialSharing.h */ = {isa = PBXFileReference; name = "SocialSharing.h"; path = "cordova-plugin-x-socialsharing/SocialSharing.h"; sourceTree = "<group>"; fileEncoding = 4; lastKnownFileType = sourcecode.c.h; explicitFileType = undefined; includeInIndex = 0; };
		3E263E0B13E040F196BC3125 /* Social.framework */ = {isa = PBXFileReference; name = "Social.framework"; path = "System/Library/Frameworks/Social.framework"; sourceTree = SDKROOT; fileEncoding = undefined; lastKnownFileType = wrapper.framework; explicitFileType = undefined; includeInIndex = 0; };
		8550E97095DD48A9A7CE24E4 /* MessageUI.framework */ = {isa = PBXFileReference; name = "MessageUI.framework"; path = "System/Library/Frameworks/MessageUI.framework"; sourceTree = SDKROOT; fileEncoding = undefined; lastKnownFileType = wrapper.framework; explicitFileType = undefined; includeInIndex = 0; };
		19042376E0EA49C8AFC46E8C /* CULPlugin.m */ = {isa = PBXFileReference; name = "CULPlugin.m"; path = "cordova-universal-links-plugin/CULPlugin.m"; sourceTree = "<group>"; fileEncoding = 4; lastKnownFileType = sourcecode.c.objc; explicitFileType = undefined; includeInIndex = 0; };
		B51EF41BC12E456F8F362856 /* AppDelegate+CULPlugin.m */ = {isa = PBXFileReference; name = "AppDelegate+CULPlugin.m"; path = "cordova-universal-links-plugin/AppDelegate+CULPlugin.m"; sourceTree = "<group>"; fileEncoding = 4; lastKnownFileType = sourcecode.c.objc; explicitFileType = undefined; includeInIndex = 0; };
		0121D13B6A314573A2049581 /* CDVPluginResult+CULPlugin.m */ = {isa = PBXFileReference; name = "CDVPluginResult+CULPlugin.m"; path = "cordova-universal-links-plugin/JS/CDVPluginResult+CULPlugin.m"; sourceTree = "<group>"; fileEncoding = 4; lastKnownFileType = sourcecode.c.objc; explicitFileType = undefined; includeInIndex = 0; };
		23A19D55887A4AD0932F12AB /* CDVInvokedUrlCommand+CULPlugin.m */ = {isa = PBXFileReference; name = "CDVInvokedUrlCommand+CULPlugin.m"; path = "cordova-universal-links-plugin/JS/CDVInvokedUrlCommand+CULPlugin.m"; sourceTree = "<group>"; fileEncoding = 4; lastKnownFileType = sourcecode.c.objc; explicitFileType = undefined; includeInIndex = 0; };
		4BE840E7ADE1408B992BF17F /* CULHost.m */ = {isa = PBXFileReference; name = "CULHost.m"; path = "cordova-universal-links-plugin/Model/CULHost.m"; sourceTree = "<group>"; fileEncoding = 4; lastKnownFileType = sourcecode.c.objc; explicitFileType = undefined; includeInIndex = 0; };
		55C7E25B2C474D9F86197387 /* CULPath.m */ = {isa = PBXFileReference; name = "CULPath.m"; path = "cordova-universal-links-plugin/Model/CULPath.m"; sourceTree = "<group>"; fileEncoding = 4; lastKnownFileType = sourcecode.c.objc; explicitFileType = undefined; includeInIndex = 0; };
		1BB10A82D6DA46E99BC1832D /* CULXmlTags.m */ = {isa = PBXFileReference; name = "CULXmlTags.m"; path = "cordova-universal-links-plugin/Parser/XML/CULXmlTags.m"; sourceTree = "<group>"; fileEncoding = 4; lastKnownFileType = sourcecode.c.objc; explicitFileType = undefined; includeInIndex = 0; };
		4247B87D2ADB41019992FAB4 /* CULConfigXmlParser.m */ = {isa = PBXFileReference; name = "CULConfigXmlParser.m"; path = "cordova-universal-links-plugin/Parser/XML/CULConfigXmlParser.m"; sourceTree = "<group>"; fileEncoding = 4; lastKnownFileType = sourcecode.c.objc; explicitFileType = undefined; includeInIndex = 0; };
		F57A68A03B2B4F208F251C67 /* CULConfigJsonParser.m */ = {isa = PBXFileReference; name = "CULConfigJsonParser.m"; path = "cordova-universal-links-plugin/Parser/JSON/CULConfigJsonParser.m"; sourceTree = "<group>"; fileEncoding = 4; lastKnownFileType = sourcecode.c.objc; explicitFileType = undefined; includeInIndex = 0; };
		2A314A5711F64FD5B0419820 /* NSBundle+CULPlugin.m */ = {isa = PBXFileReference; name = "NSBundle+CULPlugin.m"; path = "cordova-universal-links-plugin/Utils/NSBundle+CULPlugin.m"; sourceTree = "<group>"; fileEncoding = 4; lastKnownFileType = sourcecode.c.objc; explicitFileType = undefined; includeInIndex = 0; };
		E5ECD5E046C44F34A571DF99 /* CULPlugin.h */ = {isa = PBXFileReference; name = "CULPlugin.h"; path = "cordova-universal-links-plugin/CULPlugin.h"; sourceTree = "<group>"; fileEncoding = 4; lastKnownFileType = sourcecode.c.h; explicitFileType = undefined; includeInIndex = 0; };
		BA5CB356596F4419A425DD65 /* AppDelegate+CULPlugin.h */ = {isa = PBXFileReference; name = "AppDelegate+CULPlugin.h"; path = "cordova-universal-links-plugin/AppDelegate+CULPlugin.h"; sourceTree = "<group>"; fileEncoding = 4; lastKnownFileType = sourcecode.c.h; explicitFileType = undefined; includeInIndex = 0; };
		D7333D6DF11C4099821CE81C /* CDVPluginResult+CULPlugin.h */ = {isa = PBXFileReference; name = "CDVPluginResult+CULPlugin.h"; path = "cordova-universal-links-plugin/JS/CDVPluginResult+CULPlugin.h"; sourceTree = "<group>"; fileEncoding = 4; lastKnownFileType = sourcecode.c.h; explicitFileType = undefined; includeInIndex = 0; };
		6C278B08043C494A95ED495D /* CDVInvokedUrlCommand+CULPlugin.h */ = {isa = PBXFileReference; name = "CDVInvokedUrlCommand+CULPlugin.h"; path = "cordova-universal-links-plugin/JS/CDVInvokedUrlCommand+CULPlugin.h"; sourceTree = "<group>"; fileEncoding = 4; lastKnownFileType = sourcecode.c.h; explicitFileType = undefined; includeInIndex = 0; };
		EA82FF2677F5480683CDBCDA /* CULHost.h */ = {isa = PBXFileReference; name = "CULHost.h"; path = "cordova-universal-links-plugin/Model/CULHost.h"; sourceTree = "<group>"; fileEncoding = 4; lastKnownFileType = sourcecode.c.h; explicitFileType = undefined; includeInIndex = 0; };
		BBC11C87456C48F18B79F912 /* CULPath.h */ = {isa = PBXFileReference; name = "CULPath.h"; path = "cordova-universal-links-plugin/Model/CULPath.h"; sourceTree = "<group>"; fileEncoding = 4; lastKnownFileType = sourcecode.c.h; explicitFileType = undefined; includeInIndex = 0; };
		B0EA3F591ED54209B9DAC39A /* CULXmlTags.h */ = {isa = PBXFileReference; name = "CULXmlTags.h"; path = "cordova-universal-links-plugin/Parser/XML/CULXmlTags.h"; sourceTree = "<group>"; fileEncoding = 4; lastKnownFileType = sourcecode.c.h; explicitFileType = undefined; includeInIndex = 0; };
		5B48D9E6E7BD45489B0F62DC /* CULConfigXmlParser.h */ = {isa = PBXFileReference; name = "CULConfigXmlParser.h"; path = "cordova-universal-links-plugin/Parser/XML/CULConfigXmlParser.h"; sourceTree = "<group>"; fileEncoding = 4; lastKnownFileType = sourcecode.c.h; explicitFileType = undefined; includeInIndex = 0; };
		798C89D5D4D6423D8760FCF5 /* CULConfigJsonParser.h */ = {isa = PBXFileReference; name = "CULConfigJsonParser.h"; path = "cordova-universal-links-plugin/Parser/JSON/CULConfigJsonParser.h"; sourceTree = "<group>"; fileEncoding = 4; lastKnownFileType = sourcecode.c.h; explicitFileType = undefined; includeInIndex = 0; };
		7EABC07EE46C4E3B9D282060 /* NSBundle+CULPlugin.h */ = {isa = PBXFileReference; name = "NSBundle+CULPlugin.h"; path = "cordova-universal-links-plugin/Utils/NSBundle+CULPlugin.h"; sourceTree = "<group>"; fileEncoding = 4; lastKnownFileType = sourcecode.c.h; explicitFileType = undefined; includeInIndex = 0; };
		AE0E930C1F704EFAAD957FF4 /* CDVInAppBrowserOptions.m */ = {isa = PBXFileReference; name = "CDVInAppBrowserOptions.m"; path = "cordova-plugin-inappbrowser/CDVInAppBrowserOptions.m"; sourceTree = "<group>"; fileEncoding = 4; lastKnownFileType = sourcecode.c.objc; explicitFileType = undefined; includeInIndex = 0; };
		0BC0AF7904024E99887B081C /* CDVInAppBrowserNavigationController.m */ = {isa = PBXFileReference; name = "CDVInAppBrowserNavigationController.m"; path = "cordova-plugin-inappbrowser/CDVInAppBrowserNavigationController.m"; sourceTree = "<group>"; fileEncoding = 4; lastKnownFileType = sourcecode.c.objc; explicitFileType = undefined; includeInIndex = 0; };
		E7714C1056D547E6BA22F647 /* CDVWKInAppBrowser.m */ = {isa = PBXFileReference; name = "CDVWKInAppBrowser.m"; path = "cordova-plugin-inappbrowser/CDVWKInAppBrowser.m"; sourceTree = "<group>"; fileEncoding = 4; lastKnownFileType = sourcecode.c.objc; explicitFileType = undefined; includeInIndex = 0; };
		3F6E4D9076B643609A0EB6B5 /* CDVWKInAppBrowserUIDelegate.m */ = {isa = PBXFileReference; name = "CDVWKInAppBrowserUIDelegate.m"; path = "cordova-plugin-inappbrowser/CDVWKInAppBrowserUIDelegate.m"; sourceTree = "<group>"; fileEncoding = 4; lastKnownFileType = sourcecode.c.objc; explicitFileType = undefined; includeInIndex = 0; };
		5C064CE2719F441CA576A224 /* CDVInAppBrowserOptions.h */ = {isa = PBXFileReference; name = "CDVInAppBrowserOptions.h"; path = "cordova-plugin-inappbrowser/CDVInAppBrowserOptions.h"; sourceTree = "<group>"; fileEncoding = 4; lastKnownFileType = sourcecode.c.h; explicitFileType = undefined; includeInIndex = 0; };
		1B50C6EEDBD94CD6A1B7EC67 /* CDVInAppBrowserNavigationController.h */ = {isa = PBXFileReference; name = "CDVInAppBrowserNavigationController.h"; path = "cordova-plugin-inappbrowser/CDVInAppBrowserNavigationController.h"; sourceTree = "<group>"; fileEncoding = 4; lastKnownFileType = sourcecode.c.h; explicitFileType = undefined; includeInIndex = 0; };
		94FCB8F4CAD54C6AA26F6EF6 /* CDVWKInAppBrowser.h */ = {isa = PBXFileReference; name = "CDVWKInAppBrowser.h"; path = "cordova-plugin-inappbrowser/CDVWKInAppBrowser.h"; sourceTree = "<group>"; fileEncoding = 4; lastKnownFileType = sourcecode.c.h; explicitFileType = undefined; includeInIndex = 0; };
		5D5196F4E5EA41D1B8FD8C5E /* CDVWKInAppBrowserUIDelegate.h */ = {isa = PBXFileReference; name = "CDVWKInAppBrowserUIDelegate.h"; path = "cordova-plugin-inappbrowser/CDVWKInAppBrowserUIDelegate.h"; sourceTree = "<group>"; fileEncoding = 4; lastKnownFileType = sourcecode.c.h; explicitFileType = undefined; includeInIndex = 0; };
/* End PBXFileReference section */

/* Begin PBXFrameworksBuildPhase section */
		1D60588F0D05DD3D006BFB54 /* Frameworks */ = {
			isa = PBXFrameworksBuildPhase;
			buildActionMask = 2147483647;
			files = (
				301BF552109A68D80062928A /* libCordova.a in Frameworks */,
				08D46FCFD36C43919E6DED33 /* SafariServices.framework in Frameworks */,
				D55EA747D0D04427B271C744 /* Pods_New_School.framework in Frameworks */,
				CFB36456A7CE4BA7976A56DB /* Social.framework in Frameworks */,
				E3DA564653874950BB4EF0FA /* MessageUI.framework in Frameworks */,
			);
			runOnlyForDeploymentPostprocessing = 0;
		};
/* End PBXFrameworksBuildPhase section */

/* Begin PBXGroup section */
		080E96DDFE201D6D7F000001 /* Classes */ = {
			isa = PBXGroup;
			children = (
				302D95EE14D2391D003F00A1 /* MainViewController.h */,
				302D95EF14D2391D003F00A1 /* MainViewController.m */,
				302D95F014D2391D003F00A1 /* MainViewController.xib */,
				1D3623240D0F684500981E51 /* AppDelegate.h */,
				1D3623250D0F684500981E51 /* AppDelegate.m */,
			);
			name = Classes;
			path = "New School/Classes";
			sourceTree = SOURCE_ROOT;
		};
		19C28FACFE9D520D11CA2CBB /* Products */ = {
			isa = PBXGroup;
			children = (
				1D6058910D05DD3D006BFB54 /* New School.app */,
			);
			name = Products;
			sourceTree = "<group>";
		};
		29B97314FDCFA39411CA2CEA = {
			isa = PBXGroup;
			children = (
				EB87FDF41871DAF40020F90C /* config.xml */,
				EB87FDF31871DA8E0020F90C /* www */,
				EB87FDF11871DA420020F90C /* Staging */,
				301BF52D109A57CC0062928A /* CordovaLib.xcodeproj */,
				080E96DDFE201D6D7F000001 /* Classes */,
				307C750510C5A3420062BCA9 /* Plugins */,
				29B97315FDCFA39411CA2CEA /* Other Sources */,
				29B97317FDCFA39411CA2CEA /* Resources */,
				29B97323FDCFA39411CA2CEA /* Frameworks */,
				19C28FACFE9D520D11CA2CBB /* Products */,
				8AD6CA21C8B6EE1DF2A4F1C0 /* Pods */,
			);
			name = CustomTemplate;
			sourceTree = "<group>";
		};
		29B97315FDCFA39411CA2CEA /* Other Sources */ = {
			isa = PBXGroup;
			children = (
				32CA4F630368D1EE00C91783 /* New School-Prefix.pch */,
				29B97316FDCFA39411CA2CEA /* main.m */,
				ED33DF2A687741AEAF9F8254 /* Bridging-Header.h */,
			);
			name = "Other Sources";
			path = "New School";
			sourceTree = "<group>";
		};
		29B97317FDCFA39411CA2CEA /* Resources */ = {
			isa = PBXGroup;
			children = (
				0207DA571B56EA530066E2B4 /* Images.xcassets */,
				3047A50E1AB8057F00498E2A /* config */,
				8D1107310486CEB800E47090 /* New School-Info.plist */,
				6AFF5BF81D6E424B00AB3073 /* CDVLaunchScreen.storyboard */,
			);
			name = Resources;
			path = "New School/Resources";
			sourceTree = "<group>";
		};
		29B97323FDCFA39411CA2CEA /* Frameworks */ = {
			isa = PBXGroup;
			children = (
				5FA2F19A143C44B3AD7401C3 /* SafariServices.framework */,
				FA5118B2DD83397EA1BE3261 /* Pods_New_School.framework */,
				3E263E0B13E040F196BC3125 /* Social.framework */,
				8550E97095DD48A9A7CE24E4 /* MessageUI.framework */,
			);
			name = Frameworks;
			sourceTree = "<group>";
		};
		301BF52E109A57CC0062928A /* Products */ = {
			isa = PBXGroup;
			children = (
				301BF535109A57CC0062928A /* libCordova.a */,
				907D8124214C687600058A10 /* Cordova.framework */,
			);
			name = Products;
			sourceTree = "<group>";
		};
		3047A50E1AB8057F00498E2A /* config */ = {
			isa = PBXGroup;
			children = (
				3047A50F1AB8059700498E2A /* build-debug.xcconfig */,
				3047A5101AB8059700498E2A /* build-release.xcconfig */,
				3047A5111AB8059700498E2A /* build.xcconfig */,
			);
			name = config;
			sourceTree = "<group>";
		};
		307C750510C5A3420062BCA9 /* Plugins */ = {
			isa = PBXGroup;
			children = (
				6820343AB739433BA19538F1 /* Screenshot.m */,
				E6E8961514684150B1D5CBAE /* Screenshot.h */,
				DF5E28A2AC964A1FBE4DD734 /* ImageDownloader.m */,
				A7CBF5328B444D46B8065C6F /* ImageDownloader.h */,
				88F1213AF50C4B20B7ED48DA /* CBTBrowserTab.m */,
				6D8C7ABF3FA94414A79A3219 /* CBTBrowserTab.h */,
				DA26869E3543473090F1446F /* CDVBuildInfo.m */,
				559349AD8EAA40CE9F38BB3B /* CDVBuildInfo.h */,
				EED3DC136E804151897789FD /* FacebookConnectPlugin.m */,
				540C9784100849DD9D3FA8EE /* FacebookConnectPlugin.h */,
				A96605466D594203A53143BD /* APPPrinter.m */,
				1BA905FBA21C4207A815D09E /* APPPrinter.h */,
				AE6DEA1187F3434E89363F56 /* NSString+SSURLEncoding.m */,
				642B414911054E1D900701D3 /* SocialSharing.m */,
				1B97033F3FAA40CBB2B40D5D /* NSString+SSURLEncoding.h */,
				C002076B7F5C4531A89130C0 /* SocialSharing.h */,
				19042376E0EA49C8AFC46E8C /* CULPlugin.m */,
				B51EF41BC12E456F8F362856 /* AppDelegate+CULPlugin.m */,
				0121D13B6A314573A2049581 /* CDVPluginResult+CULPlugin.m */,
				23A19D55887A4AD0932F12AB /* CDVInvokedUrlCommand+CULPlugin.m */,
				4BE840E7ADE1408B992BF17F /* CULHost.m */,
				55C7E25B2C474D9F86197387 /* CULPath.m */,
				1BB10A82D6DA46E99BC1832D /* CULXmlTags.m */,
				4247B87D2ADB41019992FAB4 /* CULConfigXmlParser.m */,
				F57A68A03B2B4F208F251C67 /* CULConfigJsonParser.m */,
				2A314A5711F64FD5B0419820 /* NSBundle+CULPlugin.m */,
				E5ECD5E046C44F34A571DF99 /* CULPlugin.h */,
				BA5CB356596F4419A425DD65 /* AppDelegate+CULPlugin.h */,
				D7333D6DF11C4099821CE81C /* CDVPluginResult+CULPlugin.h */,
				6C278B08043C494A95ED495D /* CDVInvokedUrlCommand+CULPlugin.h */,
				EA82FF2677F5480683CDBCDA /* CULHost.h */,
				BBC11C87456C48F18B79F912 /* CULPath.h */,
				B0EA3F591ED54209B9DAC39A /* CULXmlTags.h */,
				5B48D9E6E7BD45489B0F62DC /* CULConfigXmlParser.h */,
				798C89D5D4D6423D8760FCF5 /* CULConfigJsonParser.h */,
				7EABC07EE46C4E3B9D282060 /* NSBundle+CULPlugin.h */,
				AE0E930C1F704EFAAD957FF4 /* CDVInAppBrowserOptions.m */,
				0BC0AF7904024E99887B081C /* CDVInAppBrowserNavigationController.m */,
				E7714C1056D547E6BA22F647 /* CDVWKInAppBrowser.m */,
				3F6E4D9076B643609A0EB6B5 /* CDVWKInAppBrowserUIDelegate.m */,
				5C064CE2719F441CA576A224 /* CDVInAppBrowserOptions.h */,
				1B50C6EEDBD94CD6A1B7EC67 /* CDVInAppBrowserNavigationController.h */,
				94FCB8F4CAD54C6AA26F6EF6 /* CDVWKInAppBrowser.h */,
				5D5196F4E5EA41D1B8FD8C5E /* CDVWKInAppBrowserUIDelegate.h */,
			);
			name = Plugins;
			path = "New School/Plugins";
			sourceTree = SOURCE_ROOT;
		};
		8AD6CA21C8B6EE1DF2A4F1C0 /* Pods */ = {
			isa = PBXGroup;
			children = (
				15F22E1D2332B3C59B0C8CA8 /* Pods-New School.debug.xcconfig */,
				AE7C0A4F6480C339B9649DB0 /* Pods-New School.release.xcconfig */,
			);
			name = Pods;
			path = Pods;
			sourceTree = "<group>";
		};
		EB87FDF11871DA420020F90C /* Staging */ = {
			isa = PBXGroup;
			children = (
				F840E1F0165FE0F500CFE078 /* config.xml */,
				301BF56E109A69640062928A /* www */,
			);
			name = Staging;
			sourceTree = "<group>";
		};
/* End PBXGroup section */

/* Begin PBXNativeTarget section */
		1D6058900D05DD3D006BFB54 /* New School */ = {
			isa = PBXNativeTarget;
			buildConfigurationList = 1D6058960D05DD3E006BFB54 /* Build configuration list for PBXNativeTarget "New School" */;
			buildPhases = (
				B922EBDACB8E48CE91F085C1 /* [CP] Check Pods Manifest.lock */,
				304B58A110DAC018002A0835 /* Copy www directory */,
				1D60588D0D05DD3D006BFB54 /* Resources */,
				1D60588E0D05DD3D006BFB54 /* Sources */,
				1D60588F0D05DD3D006BFB54 /* Frameworks */,
				8E9097C4025BE1B07FABD230 /* [CP] Embed Pods Frameworks */,
			);
			buildRules = (
			);
			dependencies = (
				301BF551109A68C00062928A /* PBXTargetDependency */,
			);
			name = "New School";
			productName = "New School";
			productReference = 1D6058910D05DD3D006BFB54 /* New School.app */;
			productType = "com.apple.product-type.application";
		};
/* End PBXNativeTarget section */

/* Begin PBXProject section */
		29B97313FDCFA39411CA2CEA /* Project object */ = {
			isa = PBXProject;
			attributes = {
				LastUpgradeCheck = 1130;
				TargetAttributes = {
					1D6058900D05DD3D006BFB54 = {
						ProvisioningStyle = Automatic;
					};
				};
			};
			buildConfigurationList = C01FCF4E08A954540054247B /* Build configuration list for PBXProject "New School" */;
			compatibilityVersion = "Xcode 11.0";
			developmentRegion = en;
			hasScannedForEncodings = 1;
			knownRegions = (
				en,
				Base,
			);
			mainGroup = 29B97314FDCFA39411CA2CEA;
			productRefGroup = 19C28FACFE9D520D11CA2CBB /* Products */;
			projectDirPath = "";
			projectReferences = (
				{
					ProductGroup = 301BF52E109A57CC0062928A /* Products */;
					ProjectRef = 301BF52D109A57CC0062928A /* CordovaLib.xcodeproj */;
				},
			);
			projectRoot = "";
			targets = (
				1D6058900D05DD3D006BFB54 /* New School */,
			);
		};
/* End PBXProject section */

/* Begin PBXReferenceProxy section */
		301BF535109A57CC0062928A /* libCordova.a */ = {
			isa = PBXReferenceProxy;
			fileType = archive.ar;
			path = libCordova.a;
			remoteRef = 301BF534109A57CC0062928A /* PBXContainerItemProxy */;
			sourceTree = BUILT_PRODUCTS_DIR;
		};
		907D8124214C687600058A10 /* Cordova.framework */ = {
			isa = PBXReferenceProxy;
			fileType = wrapper.framework;
			path = Cordova.framework;
			remoteRef = 907D8123214C687600058A10 /* PBXContainerItemProxy */;
			sourceTree = BUILT_PRODUCTS_DIR;
		};
/* End PBXReferenceProxy section */

/* Begin PBXResourcesBuildPhase section */
		1D60588D0D05DD3D006BFB54 /* Resources */ = {
			isa = PBXResourcesBuildPhase;
			buildActionMask = 2147483647;
			files = (
				302D95F214D2391D003F00A1 /* MainViewController.xib in Resources */,
				0207DA581B56EA530066E2B4 /* Images.xcassets in Resources */,
				6AFF5BF91D6E424B00AB3073 /* CDVLaunchScreen.storyboard in Resources */,
			);
			runOnlyForDeploymentPostprocessing = 0;
		};
/* End PBXResourcesBuildPhase section */

/* Begin PBXShellScriptBuildPhase section */
		304B58A110DAC018002A0835 /* Copy www directory */ = {
			isa = PBXShellScriptBuildPhase;
			buildActionMask = 2147483647;
			files = (
			);
			inputPaths = (
			);
			name = "Copy www directory";
			outputPaths = (
			);
			runOnlyForDeploymentPostprocessing = 0;
			shellPath = /bin/sh;
			shellScript = "\"$SRCROOT/New School/Scripts/copy-www-build-step.sh\"";
			showEnvVarsInLog = 0;
		};
		8E9097C4025BE1B07FABD230 /* [CP] Embed Pods Frameworks */ = {
			isa = PBXShellScriptBuildPhase;
			buildActionMask = 2147483647;
			files = (
			);
			inputFileListPaths = (
				"${PODS_ROOT}/Target Support Files/Pods-New School/Pods-New School-frameworks-${CONFIGURATION}-input-files.xcfilelist",
			);
			name = "[CP] Embed Pods Frameworks";
			outputFileListPaths = (
				"${PODS_ROOT}/Target Support Files/Pods-New School/Pods-New School-frameworks-${CONFIGURATION}-output-files.xcfilelist",
			);
			runOnlyForDeploymentPostprocessing = 0;
			shellPath = /bin/sh;
			shellScript = "\"${PODS_ROOT}/Target Support Files/Pods-New School/Pods-New School-frameworks.sh\"\n";
			showEnvVarsInLog = 0;
		};
		B922EBDACB8E48CE91F085C1 /* [CP] Check Pods Manifest.lock */ = {
			isa = PBXShellScriptBuildPhase;
			buildActionMask = 2147483647;
			files = (
			);
			inputFileListPaths = (
			);
			inputPaths = (
				"${PODS_PODFILE_DIR_PATH}/Podfile.lock",
				"${PODS_ROOT}/Manifest.lock",
			);
			name = "[CP] Check Pods Manifest.lock";
			outputFileListPaths = (
			);
			outputPaths = (
				"$(DERIVED_FILE_DIR)/Pods-New School-checkManifestLockResult.txt",
			);
			runOnlyForDeploymentPostprocessing = 0;
			shellPath = /bin/sh;
			shellScript = "diff \"${PODS_PODFILE_DIR_PATH}/Podfile.lock\" \"${PODS_ROOT}/Manifest.lock\" > /dev/null\nif [ $? != 0 ] ; then\n    # print error to STDERR\n    echo \"error: The sandbox is not in sync with the Podfile.lock. Run 'pod install' or update your CocoaPods installation.\" >&2\n    exit 1\nfi\n# This output is used by Xcode 'outputs' to avoid re-running this script phase.\necho \"SUCCESS\" > \"${SCRIPT_OUTPUT_FILE_0}\"\n";
			showEnvVarsInLog = 0;
		};
/* End PBXShellScriptBuildPhase section */

/* Begin PBXSourcesBuildPhase section */
		1D60588E0D05DD3D006BFB54 /* Sources */ = {
			isa = PBXSourcesBuildPhase;
			buildActionMask = 2147483647;
			files = (
				1D60589B0D05DD56006BFB54 /* main.m in Sources */,
				1D3623260D0F684500981E51 /* AppDelegate.m in Sources */,
				302D95F114D2391D003F00A1 /* MainViewController.m in Sources */,
				C27B8024957145579B8435DA /* Screenshot.m in Sources */,
				D135B73397DE4419B59DFCF6 /* ImageDownloader.m in Sources */,
				82900D3F57E04B9B883B0586 /* CBTBrowserTab.m in Sources */,
				E6C20199C6DE4D5E961D9FAA /* CDVBuildInfo.m in Sources */,
				5FB58F5C170440E5A65EF226 /* FacebookConnectPlugin.m in Sources */,
				5772ECBD9BE947EB87A03797 /* APPPrinter.m in Sources */,
				C70612BC7E2E4EF2B02158D2 /* NSString+SSURLEncoding.m in Sources */,
				626FB892AD734AADA9AA8C66 /* SocialSharing.m in Sources */,
				18F949FF1F844AF490F568EF /* CULPlugin.m in Sources */,
				00C882A631134083AA5C2795 /* AppDelegate+CULPlugin.m in Sources */,
				F6F23F46D7D848F8B3236AA1 /* CDVPluginResult+CULPlugin.m in Sources */,
				69337CDBFFF9447AAAB2ABF4 /* CDVInvokedUrlCommand+CULPlugin.m in Sources */,
				3FC16758D886482E9FE78F8E /* CULHost.m in Sources */,
				47430D02DFD8402B8062CA0A /* CULPath.m in Sources */,
				6F925F8ACF4F4B2BA6B3C776 /* CULXmlTags.m in Sources */,
				57D2A18EE72D44C9ACE4D784 /* CULConfigXmlParser.m in Sources */,
				4E5629F96E7346BDBE8FF5B5 /* CULConfigJsonParser.m in Sources */,
				5224EDB468DA4EECB43727A0 /* NSBundle+CULPlugin.m in Sources */,
				DEEB37187BB74B5DA6AB3203 /* CDVInAppBrowserOptions.m in Sources */,
				5F7D453962704BFA9A3B0B18 /* CDVInAppBrowserNavigationController.m in Sources */,
				4CCEDCF63166464AA25CA6F7 /* CDVWKInAppBrowser.m in Sources */,
				366688872E1C45698829652B /* CDVWKInAppBrowserUIDelegate.m in Sources */,
			);
			runOnlyForDeploymentPostprocessing = 0;
		};
/* End PBXSourcesBuildPhase section */

/* Begin PBXTargetDependency section */
		301BF551109A68C00062928A /* PBXTargetDependency */ = {
			isa = PBXTargetDependency;
			name = CordovaLib;
			targetProxy = 301BF550109A68C00062928A /* PBXContainerItemProxy */;
		};
/* End PBXTargetDependency section */

/* Begin XCBuildConfiguration section */
		1D6058940D05DD3E006BFB54 /* Debug */ = {
			isa = XCBuildConfiguration;
			baseConfigurationReference = 3047A50F1AB8059700498E2A /* build-debug.xcconfig */;
			buildSettings = {
				ALWAYS_SEARCH_USER_PATHS = NO;
				ASSETCATALOG_COMPILER_APPICON_NAME = AppIcon;
				CLANG_ENABLE_MODULES = YES;
				CLANG_ENABLE_OBJC_ARC = YES;
				COPY_PHASE_STRIP = NO;
				GCC_DYNAMIC_NO_PIC = NO;
				GCC_OPTIMIZATION_LEVEL = 0;
				GCC_PRECOMPILE_PREFIX_HEADER = YES;
				GCC_PREFIX_HEADER = "New School/New School-Prefix.pch";
				GCC_THUMB_SUPPORT = NO;
				GCC_VERSION = "";
				INFOPLIST_FILE = "New School/New School-Info.plist";
				IPHONEOS_DEPLOYMENT_TARGET = 11.0;
				LD_RUNPATH_SEARCH_PATHS = "@executable_path/Frameworks";
				PRODUCT_BUNDLE_IDENTIFIER = com.newschool.app;
				PRODUCT_NAME = "$(TARGET_NAME)";
				TARGETED_DEVICE_FAMILY = "1,2";
			};
			name = Debug;
		};
		1D6058950D05DD3E006BFB54 /* Release */ = {
			isa = XCBuildConfiguration;
			baseConfigurationReference = 3047A5101AB8059700498E2A /* build-release.xcconfig */;
			buildSettings = {
				ALWAYS_SEARCH_USER_PATHS = NO;
				ASSETCATALOG_COMPILER_APPICON_NAME = AppIcon;
				CLANG_ENABLE_MODULES = YES;
				CLANG_ENABLE_OBJC_ARC = YES;
				COPY_PHASE_STRIP = YES;
				GCC_PRECOMPILE_PREFIX_HEADER = YES;
				GCC_PREFIX_HEADER = "New School/New School-Prefix.pch";
				GCC_THUMB_SUPPORT = NO;
				GCC_VERSION = "";
				INFOPLIST_FILE = "New School/New School-Info.plist";
				IPHONEOS_DEPLOYMENT_TARGET = 11.0;
				LD_RUNPATH_SEARCH_PATHS = "@executable_path/Frameworks";
				PRODUCT_BUNDLE_IDENTIFIER = com.newschool.app;
				PRODUCT_NAME = "$(TARGET_NAME)";
				TARGETED_DEVICE_FAMILY = "1,2";
			};
			name = Release;
		};
		C01FCF4F08A954540054247B /* Debug */ = {
			isa = XCBuildConfiguration;
			baseConfigurationReference = 3047A5111AB8059700498E2A /* build.xcconfig */;
			buildSettings = {
				CLANG_ANALYZER_LOCALIZABILITY_NONLOCALIZED = YES;
				CLANG_ENABLE_MODULES = YES;
				CLANG_ENABLE_OBJC_ARC = YES;
				CLANG_WARN_BLOCK_CAPTURE_AUTORELEASING = YES;
				CLANG_WARN_BOOL_CONVERSION = YES;
				CLANG_WARN_COMMA = YES;
				CLANG_WARN_CONSTANT_CONVERSION = YES;
				CLANG_WARN_DEPRECATED_OBJC_IMPLEMENTATIONS = YES;
				CLANG_WARN_EMPTY_BODY = YES;
				CLANG_WARN_ENUM_CONVERSION = YES;
				CLANG_WARN_INFINITE_RECURSION = YES;
				CLANG_WARN_INT_CONVERSION = YES;
				CLANG_WARN_NON_LITERAL_NULL_CONVERSION = YES;
				CLANG_WARN_OBJC_IMPLICIT_RETAIN_SELF = YES;
				CLANG_WARN_OBJC_LITERAL_CONVERSION = YES;
				CLANG_WARN_RANGE_LOOP_ANALYSIS = YES;
				CLANG_WARN_STRICT_PROTOTYPES = YES;
				CLANG_WARN_SUSPICIOUS_MOVE = YES;
				CLANG_WARN_UNREACHABLE_CODE = YES;
				CLANG_WARN__DUPLICATE_METHOD_MATCH = YES;
				ENABLE_STRICT_OBJC_MSGSEND = YES;
				ENABLE_TESTABILITY = YES;
				GCC_C_LANGUAGE_STANDARD = c99;
				GCC_NO_COMMON_BLOCKS = YES;
				GCC_THUMB_SUPPORT = NO;
				GCC_VERSION = "";
				GCC_WARN_64_TO_32_BIT_CONVERSION = YES;
				GCC_WARN_ABOUT_RETURN_TYPE = YES;
				GCC_WARN_UNDECLARED_SELECTOR = YES;
				GCC_WARN_UNINITIALIZED_AUTOS = YES;
				GCC_WARN_UNUSED_FUNCTION = YES;
				GCC_WARN_UNUSED_VARIABLE = YES;
				ONLY_ACTIVE_ARCH = YES;
				SDKROOT = iphoneos;
				SKIP_INSTALL = NO;
				WK_WEB_VIEW_ONLY = 1;
			};
			name = Debug;
		};
		C01FCF5008A954540054247B /* Release */ = {
			isa = XCBuildConfiguration;
			baseConfigurationReference = 3047A5111AB8059700498E2A /* build.xcconfig */;
			buildSettings = {
				CLANG_ANALYZER_LOCALIZABILITY_NONLOCALIZED = YES;
				CLANG_ENABLE_MODULES = YES;
				CLANG_ENABLE_OBJC_ARC = YES;
				CLANG_WARN_BLOCK_CAPTURE_AUTORELEASING = YES;
				CLANG_WARN_BOOL_CONVERSION = YES;
				CLANG_WARN_COMMA = YES;
				CLANG_WARN_CONSTANT_CONVERSION = YES;
				CLANG_WARN_DEPRECATED_OBJC_IMPLEMENTATIONS = YES;
				CLANG_WARN_EMPTY_BODY = YES;
				CLANG_WARN_ENUM_CONVERSION = YES;
				CLANG_WARN_INFINITE_RECURSION = YES;
				CLANG_WARN_INT_CONVERSION = YES;
				CLANG_WARN_NON_LITERAL_NULL_CONVERSION = YES;
				CLANG_WARN_OBJC_IMPLICIT_RETAIN_SELF = YES;
				CLANG_WARN_OBJC_LITERAL_CONVERSION = YES;
				CLANG_WARN_RANGE_LOOP_ANALYSIS = YES;
				CLANG_WARN_STRICT_PROTOTYPES = YES;
				CLANG_WARN_SUSPICIOUS_MOVE = YES;
				CLANG_WARN_UNREACHABLE_CODE = YES;
				CLANG_WARN__DUPLICATE_METHOD_MATCH = YES;
				ENABLE_STRICT_OBJC_MSGSEND = YES;
				GCC_C_LANGUAGE_STANDARD = c99;
				GCC_NO_COMMON_BLOCKS = YES;
				GCC_THUMB_SUPPORT = NO;
				GCC_VERSION = "";
				GCC_WARN_64_TO_32_BIT_CONVERSION = YES;
				GCC_WARN_ABOUT_RETURN_TYPE = YES;
				GCC_WARN_UNDECLARED_SELECTOR = YES;
				GCC_WARN_UNINITIALIZED_AUTOS = YES;
				GCC_WARN_UNUSED_FUNCTION = YES;
				GCC_WARN_UNUSED_VARIABLE = YES;
				SDKROOT = iphoneos;
				SKIP_INSTALL = NO;
				WK_WEB_VIEW_ONLY = 1;
			};
			name = Release;
		};
/* End XCBuildConfiguration section */

/* Begin XCConfigurationList section */
		1D6058960D05DD3E006BFB54 /* Build configuration list for PBXNativeTarget "New School" */ = {
			isa = XCConfigurationList;
			buildConfigurations = (
				1D6058940D05DD3E006BFB54 /* Debug */,
				1D6058950D05DD3E006BFB54 /* Release */,
			);
			defaultConfigurationIsVisible = 0;
			defaultConfigurationName = Release;
		};
		C01FCF4E08A954540054247B /* Build configuration list for PBXProject "New School" */ = {
			isa = XCConfigurationList;
			buildConfigurations = (
				C01FCF4F08A954540054247B /* Debug */,
				C01FCF5008A954540054247B /* Release */,
			);
			defaultConfigurationIsVisible = 0;
			defaultConfigurationName = Release;
		};
/* End XCConfigurationList section */
	};
	rootObject = 29B97313FDCFA39411CA2CEA /* Project object */;
}
